// !$*UTF8*$!
{
	archiveVersion = 1;
	classes = {
	};
	objectVersion = 48;
	objects = {

/* Begin PBXBuildFile section */
		DC30947420542FA500189B9A /* OCConnection+Users.m in Sources */ = {isa = PBXBuildFile; fileRef = DC30947220542FA500189B9A /* OCConnection+Users.m */; };
		DC3094882057358800189B9A /* ownCloudUI.h in Headers */ = {isa = PBXBuildFile; fileRef = DC3094862057358800189B9A /* ownCloudUI.h */; settings = {ATTRIBUTES = (Public, ); }; };
		DC30948B2057358800189B9A /* ownCloudUI.framework in Frameworks */ = {isa = PBXBuildFile; fileRef = DC3094842057358800189B9A /* ownCloudUI.framework */; };
		DC30948C2057358800189B9A /* ownCloudUI.framework in CopyFiles */ = {isa = PBXBuildFile; fileRef = DC3094842057358800189B9A /* ownCloudUI.framework */; settings = {ATTRIBUTES = (CodeSignOnCopy, RemoveHeadersOnCopy, ); }; };
		DC309492205735C200189B9A /* ownCloudSDK.framework in Frameworks */ = {isa = PBXBuildFile; fileRef = DCC8F9AB202852A200EB6701 /* ownCloudSDK.framework */; };
		DC30954B20574BDC00189B9A /* openssl.framework in Frameworks */ = {isa = PBXBuildFile; fileRef = DC30954820574BC900189B9A /* openssl.framework */; };
		DC30954E20574BEC00189B9A /* openssl.framework in Frameworks */ = {isa = PBXBuildFile; fileRef = DC30954820574BC900189B9A /* openssl.framework */; };
		DC30954F20574BF400189B9A /* openssl.framework in CopyFiles */ = {isa = PBXBuildFile; fileRef = DC30954820574BC900189B9A /* openssl.framework */; settings = {ATTRIBUTES = (CodeSignOnCopy, RemoveHeadersOnCopy, ); }; };
		DC30955220574C2C00189B9A /* OCCertificate+OpenSSL.h in Headers */ = {isa = PBXBuildFile; fileRef = DC30955020574C2C00189B9A /* OCCertificate+OpenSSL.h */; settings = {ATTRIBUTES = (Public, ); }; };
		DC30955320574C2C00189B9A /* OCCertificate+OpenSSL.m in Sources */ = {isa = PBXBuildFile; fileRef = DC30955120574C2C00189B9A /* OCCertificate+OpenSSL.m */; };
		DC30955A2057CF2B00189B9A /* ownCloudUI.framework in Frameworks */ = {isa = PBXBuildFile; fileRef = DC3094842057358800189B9A /* ownCloudUI.framework */; };
		DC30955B2057CF2B00189B9A /* openssl.framework in Frameworks */ = {isa = PBXBuildFile; fileRef = DC30954820574BC900189B9A /* openssl.framework */; };
		DC30955D2057CFC000189B9A /* CertificateTests.m in Sources */ = {isa = PBXBuildFile; fileRef = DC30955C2057CFC000189B9A /* CertificateTests.m */; };
		DC30955F2057D18100189B9A /* fake-demo_owncloud_org.cer in Resources */ = {isa = PBXBuildFile; fileRef = DC30955E2057D18100189B9A /* fake-demo_owncloud_org.cer */; };
		DC30956220580D5F00189B9A /* OCCertificateViewController.h in Headers */ = {isa = PBXBuildFile; fileRef = DC30956020580D5F00189B9A /* OCCertificateViewController.h */; settings = {ATTRIBUTES = (Public, ); }; };
		DC30956320580D5F00189B9A /* OCCertificateViewController.m in Sources */ = {isa = PBXBuildFile; fileRef = DC30956120580D5F00189B9A /* OCCertificateViewController.m */; };
		DC39DC462041A03300189B9A /* OCAuthenticationMethodBasicAuth.h in Headers */ = {isa = PBXBuildFile; fileRef = DC39DC442041A03300189B9A /* OCAuthenticationMethodBasicAuth.h */; settings = {ATTRIBUTES = (Public, ); }; };
		DC39DC472041A03300189B9A /* OCAuthenticationMethodBasicAuth.m in Sources */ = {isa = PBXBuildFile; fileRef = DC39DC452041A03300189B9A /* OCAuthenticationMethodBasicAuth.m */; };
		DC39DC4B2041A2FB00189B9A /* NSError+OCError.h in Headers */ = {isa = PBXBuildFile; fileRef = DC39DC492041A2FB00189B9A /* NSError+OCError.h */; settings = {ATTRIBUTES = (Public, ); }; };
		DC39DC4C2041A2FB00189B9A /* NSError+OCError.m in Sources */ = {isa = PBXBuildFile; fileRef = DC39DC4A2041A2FB00189B9A /* NSError+OCError.m */; };
		DC39DC4E2041B53000189B9A /* AuthenticationTests.m in Sources */ = {isa = PBXBuildFile; fileRef = DC39DC4D2041B53000189B9A /* AuthenticationTests.m */; };
		DC39DC512041CA9B00189B9A /* OCConnection+OCConnectionQueue.h in Headers */ = {isa = PBXBuildFile; fileRef = DC39DC4F2041CA9B00189B9A /* OCConnection+OCConnectionQueue.h */; };
		DC39DC59204215A800189B9A /* NSProgress+OCEvent.h in Headers */ = {isa = PBXBuildFile; fileRef = DC39DC57204215A800189B9A /* NSProgress+OCEvent.h */; settings = {ATTRIBUTES = (Public, ); }; };
		DC39DC5A204215A800189B9A /* NSProgress+OCEvent.m in Sources */ = {isa = PBXBuildFile; fileRef = DC39DC58204215A800189B9A /* NSProgress+OCEvent.m */; };
		DC3F2B4D204AED1900189B9A /* Localizable.strings in Resources */ = {isa = PBXBuildFile; fileRef = DC3F2B4F204AED1900189B9A /* Localizable.strings */; };
		DC3F2B51204AED8400189B9A /* OCMacros.h in Headers */ = {isa = PBXBuildFile; fileRef = DC3F2B50204AED8300189B9A /* OCMacros.h */; settings = {ATTRIBUTES = (Public, ); }; };
		DC545E7A203F7DD0006111FA /* OCUser.h in Headers */ = {isa = PBXBuildFile; fileRef = DC545E78203F7DD0006111FA /* OCUser.h */; settings = {ATTRIBUTES = (Public, ); }; };
		DC545E7B203F7DD0006111FA /* OCUser.m in Sources */ = {isa = PBXBuildFile; fileRef = DC545E79203F7DD0006111FA /* OCUser.m */; };
		DC66C6B420540DBD00189B9A /* NSDate+OCDateParser.h in Headers */ = {isa = PBXBuildFile; fileRef = DC66C6B220540DBD00189B9A /* NSDate+OCDateParser.h */; };
		DC66C6B520540DBD00189B9A /* NSDate+OCDateParser.m in Sources */ = {isa = PBXBuildFile; fileRef = DC66C6B320540DBD00189B9A /* NSDate+OCDateParser.m */; };
		DC72568020405752006111FA /* OCClassSettings.h in Headers */ = {isa = PBXBuildFile; fileRef = DC72567E20405752006111FA /* OCClassSettings.h */; settings = {ATTRIBUTES = (Public, ); }; };
		DC72568120405752006111FA /* OCClassSettings.m in Sources */ = {isa = PBXBuildFile; fileRef = DC72567F20405752006111FA /* OCClassSettings.m */; };
		DC72E41B2061665D00189B9A /* OCHostSimulator.m in Sources */ = {isa = PBXBuildFile; fileRef = DC72E41A2061665D00189B9A /* OCHostSimulator.m */; };
		DC72E41F206166C500189B9A /* OCHostSimulatorResponse.m in Sources */ = {isa = PBXBuildFile; fileRef = DC72E41E206166C500189B9A /* OCHostSimulatorResponse.m */; };
		DC72E4212063BE9400189B9A /* HostSimulatorTests.m in Sources */ = {isa = PBXBuildFile; fileRef = DC72E4202063BE9400189B9A /* HostSimulatorTests.m */; };
		DC72E4292063D61F00189B9A /* OCClassSettingsFlatSource.h in Headers */ = {isa = PBXBuildFile; fileRef = DC72E4272063D61F00189B9A /* OCClassSettingsFlatSource.h */; settings = {ATTRIBUTES = (Public, ); }; };
		DC72E42A2063D61F00189B9A /* OCClassSettingsFlatSource.m in Sources */ = {isa = PBXBuildFile; fileRef = DC72E4282063D61F00189B9A /* OCClassSettingsFlatSource.m */; };
		DC72E42E2063DBF900189B9A /* OCClassSettingsFlatSourceManagedConfiguration.h in Headers */ = {isa = PBXBuildFile; fileRef = DC72E42C2063DBF900189B9A /* OCClassSettingsFlatSourceManagedConfiguration.h */; settings = {ATTRIBUTES = (Public, ); }; };
		DC72E42F2063DBF900189B9A /* OCClassSettingsFlatSourceManagedConfiguration.m in Sources */ = {isa = PBXBuildFile; fileRef = DC72E42D2063DBF900189B9A /* OCClassSettingsFlatSourceManagedConfiguration.m */; };
		DC72E4322063DD7600189B9A /* OCClassSettingsFlatSourcePropertyList.h in Headers */ = {isa = PBXBuildFile; fileRef = DC72E4302063DD7600189B9A /* OCClassSettingsFlatSourcePropertyList.h */; settings = {ATTRIBUTES = (Public, ); }; };
		DC72E4332063DD7600189B9A /* OCClassSettingsFlatSourcePropertyList.m in Sources */ = {isa = PBXBuildFile; fileRef = DC72E4312063DD7600189B9A /* OCClassSettingsFlatSourcePropertyList.m */; };
		DC72E4352063DF5C00189B9A /* SettingsTests.m in Sources */ = {isa = PBXBuildFile; fileRef = DC72E4342063DF5C00189B9A /* SettingsTests.m */; };
		DC72E4372063DF7700189B9A /* customSettings.plist in Resources */ = {isa = PBXBuildFile; fileRef = DC72E4362063DF7700189B9A /* customSettings.plist */; };
		DC79E1A42058725700189B9A /* Localizable.strings in Resources */ = {isa = PBXBuildFile; fileRef = DC79E1A62058725700189B9A /* Localizable.strings */; };
		DC79E1A92058747100189B9A /* LaunchScreen.storyboard in Resources */ = {isa = PBXBuildFile; fileRef = DC79E1A72058747000189B9A /* LaunchScreen.storyboard */; };
		DC79E1AA2058747100189B9A /* Main.storyboard in Resources */ = {isa = PBXBuildFile; fileRef = DC79E1A82058747100189B9A /* Main.storyboard */; };
		DC79E1AD205888F800189B9A /* OCCertificateDetailsViewNode.h in Headers */ = {isa = PBXBuildFile; fileRef = DC79E1AB205888F800189B9A /* OCCertificateDetailsViewNode.h */; settings = {ATTRIBUTES = (Public, ); }; };
		DC79E1AE205888F800189B9A /* OCCertificateDetailsViewNode.m in Sources */ = {isa = PBXBuildFile; fileRef = DC79E1AC205888F800189B9A /* OCCertificateDetailsViewNode.m */; };
		DC7E0A6F2036F28B006111FA /* OCKeychain.h in Headers */ = {isa = PBXBuildFile; fileRef = DC7E0A6D2036F28B006111FA /* OCKeychain.h */; settings = {ATTRIBUTES = (Public, ); }; };
		DC7E0A702036F28B006111FA /* OCKeychain.m in Sources */ = {isa = PBXBuildFile; fileRef = DC7E0A6E2036F28B006111FA /* OCKeychain.m */; };
		DC7E0A7B203732B3006111FA /* AppDelegate.m in Sources */ = {isa = PBXBuildFile; fileRef = DC7E0A7A203732B3006111FA /* AppDelegate.m */; };
		DC7E0A7E203732B3006111FA /* ViewController.m in Sources */ = {isa = PBXBuildFile; fileRef = DC7E0A7D203732B3006111FA /* ViewController.m */; };
		DC7E0A83203732B3006111FA /* Assets.xcassets in Resources */ = {isa = PBXBuildFile; fileRef = DC7E0A82203732B3006111FA /* Assets.xcassets */; };
		DC7E0A89203732B3006111FA /* main.m in Sources */ = {isa = PBXBuildFile; fileRef = DC7E0A88203732B3006111FA /* main.m */; };
		DC7E0A8F20373381006111FA /* BookmarkTests.m in Sources */ = {isa = PBXBuildFile; fileRef = DC7E0A712036F60C006111FA /* BookmarkTests.m */; };
		DC8556ED204DEA2900189B9A /* OCConnectionDAVRequest.h in Headers */ = {isa = PBXBuildFile; fileRef = DC8556EB204DEA2900189B9A /* OCConnectionDAVRequest.h */; settings = {ATTRIBUTES = (Public, ); }; };
		DC8556EE204DEA2900189B9A /* OCConnectionDAVRequest.m in Sources */ = {isa = PBXBuildFile; fileRef = DC8556EC204DEA2900189B9A /* OCConnectionDAVRequest.m */; };
		DC8556F1204DEB9200189B9A /* OCXMLNode.h in Headers */ = {isa = PBXBuildFile; fileRef = DC8556EF204DEB9200189B9A /* OCXMLNode.h */; settings = {ATTRIBUTES = (Public, ); }; };
		DC8556F2204DEB9200189B9A /* OCXMLNode.m in Sources */ = {isa = PBXBuildFile; fileRef = DC8556F0204DEB9200189B9A /* OCXMLNode.m */; };
		DC8556F6204F361100189B9A /* OCLogger.h in Headers */ = {isa = PBXBuildFile; fileRef = DC8556F4204F361100189B9A /* OCLogger.h */; settings = {ATTRIBUTES = (Public, ); }; };
		DC8556F7204F361100189B9A /* OCLogger.m in Sources */ = {isa = PBXBuildFile; fileRef = DC8556F5204F361100189B9A /* OCLogger.m */; };
		DC8556FB204F4F3000189B9A /* OCXMLParser.h in Headers */ = {isa = PBXBuildFile; fileRef = DC8556F9204F4F3000189B9A /* OCXMLParser.h */; settings = {ATTRIBUTES = (Public, ); }; };
		DC8556FC204F4F3000189B9A /* OCXMLParser.m in Sources */ = {isa = PBXBuildFile; fileRef = DC8556FA204F4F3000189B9A /* OCXMLParser.m */; };
		DC8556FF204F597800189B9A /* OCXMLParserNode.h in Headers */ = {isa = PBXBuildFile; fileRef = DC8556FD204F597800189B9A /* OCXMLParserNode.h */; settings = {ATTRIBUTES = (Public, ); }; };
		DC855700204F597800189B9A /* OCXMLParserNode.m in Sources */ = {isa = PBXBuildFile; fileRef = DC8556FE204F597800189B9A /* OCXMLParserNode.m */; };
		DC85571C2050196000189B9A /* OCItem+OCXMLObjectCreation.h in Headers */ = {isa = PBXBuildFile; fileRef = DC85571A2050196000189B9A /* OCItem+OCXMLObjectCreation.h */; };
		DC85571D2050196000189B9A /* OCItem+OCXMLObjectCreation.m in Sources */ = {isa = PBXBuildFile; fileRef = DC85571B2050196000189B9A /* OCItem+OCXMLObjectCreation.m */; };
		DCC8F9B5202852A200EB6701 /* ownCloudSDK.framework in Frameworks */ = {isa = PBXBuildFile; fileRef = DCC8F9AB202852A200EB6701 /* ownCloudSDK.framework */; };
		DCC8F9BC202852A200EB6701 /* ownCloudSDK.h in Headers */ = {isa = PBXBuildFile; fileRef = DCC8F9AE202852A200EB6701 /* ownCloudSDK.h */; settings = {ATTRIBUTES = (Public, ); }; };
		DCC8F9CA202853B300EB6701 /* LICENSE in Resources */ = {isa = PBXBuildFile; fileRef = DCC8F9C72028535B00EB6701 /* LICENSE */; };
		DCC8F9D9202854FB00EB6701 /* OCCore.h in Headers */ = {isa = PBXBuildFile; fileRef = DCC8F9D7202854FB00EB6701 /* OCCore.h */; settings = {ATTRIBUTES = (Public, ); }; };
		DCC8F9DA202854FB00EB6701 /* OCCore.m in Sources */ = {isa = PBXBuildFile; fileRef = DCC8F9D8202854FB00EB6701 /* OCCore.m */; };
		DCC8F9E22028554E00EB6701 /* OCBookmark.h in Headers */ = {isa = PBXBuildFile; fileRef = DCC8F9E02028554E00EB6701 /* OCBookmark.h */; settings = {ATTRIBUTES = (Public, ); }; };
		DCC8F9E32028554E00EB6701 /* OCBookmark.m in Sources */ = {isa = PBXBuildFile; fileRef = DCC8F9E12028554E00EB6701 /* OCBookmark.m */; };
		DCC8F9E62028556500EB6701 /* OCConnection.h in Headers */ = {isa = PBXBuildFile; fileRef = DCC8F9E42028556500EB6701 /* OCConnection.h */; settings = {ATTRIBUTES = (Public, ); }; };
		DCC8F9E72028556500EB6701 /* OCConnection.m in Sources */ = {isa = PBXBuildFile; fileRef = DCC8F9E52028556500EB6701 /* OCConnection.m */; };
		DCC8F9EA2028557100EB6701 /* OCDatabase.h in Headers */ = {isa = PBXBuildFile; fileRef = DCC8F9E82028557100EB6701 /* OCDatabase.h */; settings = {ATTRIBUTES = (Public, ); }; };
		DCC8F9EB2028557100EB6701 /* OCDatabase.m in Sources */ = {isa = PBXBuildFile; fileRef = DCC8F9E92028557100EB6701 /* OCDatabase.m */; };
		DCC8F9EE2028558000EB6701 /* OCQuery.h in Headers */ = {isa = PBXBuildFile; fileRef = DCC8F9EC2028558000EB6701 /* OCQuery.h */; settings = {ATTRIBUTES = (Public, ); }; };
		DCC8F9EF2028558000EB6701 /* OCQuery.m in Sources */ = {isa = PBXBuildFile; fileRef = DCC8F9ED2028558000EB6701 /* OCQuery.m */; };
		DCC8F9F22028559600EB6701 /* OCItem.h in Headers */ = {isa = PBXBuildFile; fileRef = DCC8F9F02028559600EB6701 /* OCItem.h */; settings = {ATTRIBUTES = (Public, ); }; };
		DCC8F9F32028559600EB6701 /* OCItem.m in Sources */ = {isa = PBXBuildFile; fileRef = DCC8F9F12028559600EB6701 /* OCItem.m */; };
		DCC8F9F6202855A200EB6701 /* OCShare.h in Headers */ = {isa = PBXBuildFile; fileRef = DCC8F9F4202855A200EB6701 /* OCShare.h */; settings = {ATTRIBUTES = (Public, ); }; };
		DCC8F9F7202855A200EB6701 /* OCShare.m in Sources */ = {isa = PBXBuildFile; fileRef = DCC8F9F5202855A200EB6701 /* OCShare.m */; };
		DCC8F9FB2028586900EB6701 /* OCAuthenticationMethod.h in Headers */ = {isa = PBXBuildFile; fileRef = DCC8F9F92028586900EB6701 /* OCAuthenticationMethod.h */; settings = {ATTRIBUTES = (Public, ); }; };
		DCC8F9FC2028586900EB6701 /* OCAuthenticationMethod.m in Sources */ = {isa = PBXBuildFile; fileRef = DCC8F9FA2028586900EB6701 /* OCAuthenticationMethod.m */; };
		DCC8F9FF20285C1500EB6701 /* OCAuthenticationMethodOAuth2.h in Headers */ = {isa = PBXBuildFile; fileRef = DCC8F9FD20285C1500EB6701 /* OCAuthenticationMethodOAuth2.h */; settings = {ATTRIBUTES = (Public, ); }; };
		DCC8FA0020285C1500EB6701 /* OCAuthenticationMethodOAuth2.m in Sources */ = {isa = PBXBuildFile; fileRef = DCC8F9FE20285C1500EB6701 /* OCAuthenticationMethodOAuth2.m */; };
		DCC8FA032029BA7A00EB6701 /* OCVault.h in Headers */ = {isa = PBXBuildFile; fileRef = DCC8FA012029BA7A00EB6701 /* OCVault.h */; settings = {ATTRIBUTES = (Public, ); }; };
		DCC8FA042029BA7A00EB6701 /* OCVault.m in Sources */ = {isa = PBXBuildFile; fileRef = DCC8FA022029BA7A00EB6701 /* OCVault.m */; };
		DCC8FA082029BB1200EB6701 /* libsqlite3.tbd in Frameworks */ = {isa = PBXBuildFile; fileRef = DCC8FA072029BB1200EB6701 /* libsqlite3.tbd */; };
		DCC8FA0B2029C0BE00EB6701 /* OCQueryFilter.h in Headers */ = {isa = PBXBuildFile; fileRef = DCC8FA092029C0BD00EB6701 /* OCQueryFilter.h */; settings = {ATTRIBUTES = (Public, ); }; };
		DCC8FA0C2029C0BE00EB6701 /* OCQueryFilter.m in Sources */ = {isa = PBXBuildFile; fileRef = DCC8FA0A2029C0BE00EB6701 /* OCQueryFilter.m */; };
		DCC8FA0F2029C6A400EB6701 /* OCQueryChangeSet.h in Headers */ = {isa = PBXBuildFile; fileRef = DCC8FA0D2029C6A400EB6701 /* OCQueryChangeSet.h */; settings = {ATTRIBUTES = (Public, ); }; };
		DCC8FA102029C6A400EB6701 /* OCQueryChangeSet.m in Sources */ = {isa = PBXBuildFile; fileRef = DCC8FA0E2029C6A400EB6701 /* OCQueryChangeSet.m */; };
		DCC8FA122029D5EC00EB6701 /* OCTypes.h in Headers */ = {isa = PBXBuildFile; fileRef = DCC8FA112029D5EC00EB6701 /* OCTypes.h */; settings = {ATTRIBUTES = (Public, ); }; };
		DCC8FA152029EB9400EB6701 /* OCConnectionRequest.h in Headers */ = {isa = PBXBuildFile; fileRef = DCC8FA132029EB9400EB6701 /* OCConnectionRequest.h */; settings = {ATTRIBUTES = (Public, ); }; };
		DCC8FA162029EB9400EB6701 /* OCConnectionRequest.m in Sources */ = {isa = PBXBuildFile; fileRef = DCC8FA142029EB9400EB6701 /* OCConnectionRequest.m */; };
		DCC8FA21202B218100EB6701 /* OCAppIdentity.h in Headers */ = {isa = PBXBuildFile; fileRef = DCC8FA1F202B218100EB6701 /* OCAppIdentity.h */; settings = {ATTRIBUTES = (Public, ); }; };
		DCC8FA22202B218100EB6701 /* OCAppIdentity.m in Sources */ = {isa = PBXBuildFile; fileRef = DCC8FA20202B218100EB6701 /* OCAppIdentity.m */; };
		DCC8FA25202B259D00EB6701 /* OCSyncRecord.h in Headers */ = {isa = PBXBuildFile; fileRef = DCC8FA23202B259D00EB6701 /* OCSyncRecord.h */; settings = {ATTRIBUTES = (Public, ); }; };
		DCC8FA26202B259D00EB6701 /* OCSyncRecord.m in Sources */ = {isa = PBXBuildFile; fileRef = DCC8FA24202B259D00EB6701 /* OCSyncRecord.m */; };
		DCC8FA29202B37B800EB6701 /* OCConnectionQueue.h in Headers */ = {isa = PBXBuildFile; fileRef = DCC8FA27202B37B800EB6701 /* OCConnectionQueue.h */; settings = {ATTRIBUTES = (Public, ); }; };
		DCC8FA2A202B37B800EB6701 /* OCConnectionQueue.m in Sources */ = {isa = PBXBuildFile; fileRef = DCC8FA28202B37B800EB6701 /* OCConnectionQueue.m */; };
		DCC8FA2F202B405F00EB6701 /* OCEvent.h in Headers */ = {isa = PBXBuildFile; fileRef = DCC8FA2D202B405F00EB6701 /* OCEvent.h */; settings = {ATTRIBUTES = (Public, ); }; };
		DCC8FA30202B405F00EB6701 /* OCEvent.m in Sources */ = {isa = PBXBuildFile; fileRef = DCC8FA2E202B405F00EB6701 /* OCEvent.m */; };
		DCC8FA33202B443D00EB6701 /* OCEventTarget.h in Headers */ = {isa = PBXBuildFile; fileRef = DCC8FA31202B443D00EB6701 /* OCEventTarget.h */; settings = {ATTRIBUTES = (Public, ); }; };
		DCC8FA34202B443D00EB6701 /* OCEventTarget.m in Sources */ = {isa = PBXBuildFile; fileRef = DCC8FA32202B443D00EB6701 /* OCEventTarget.m */; };
		DCD3439720592EC500189B9A /* OCDatabaseSQLite.h in Headers */ = {isa = PBXBuildFile; fileRef = DCD3439520592EC500189B9A /* OCDatabaseSQLite.h */; };
		DCD3439820592EC500189B9A /* OCDatabaseSQLite.m in Sources */ = {isa = PBXBuildFile; fileRef = DCD3439620592EC500189B9A /* OCDatabaseSQLite.m */; };
		DCD3439C2059319C00189B9A /* OCSQLiteDB.h in Headers */ = {isa = PBXBuildFile; fileRef = DCD3439A2059319C00189B9A /* OCSQLiteDB.h */; };
		DCD3439D2059319C00189B9A /* OCSQLiteDB.m in Sources */ = {isa = PBXBuildFile; fileRef = DCD3439B2059319C00189B9A /* OCSQLiteDB.m */; };
		DCDBEE2C2048A6A800189B9A /* OCConnection+Setup.m in Sources */ = {isa = PBXBuildFile; fileRef = DCDBEE2A2048A6A700189B9A /* OCConnection+Setup.m */; };
		DCDBEE302048A71200189B9A /* OCConnection+Tools.m in Sources */ = {isa = PBXBuildFile; fileRef = DCDBEE2E2048A71200189B9A /* OCConnection+Tools.m */; };
		DCDBEE342048A8BC00189B9A /* OCConnection+Authentication.m in Sources */ = {isa = PBXBuildFile; fileRef = DCDBEE322048A8BC00189B9A /* OCConnection+Authentication.m */; };
		DCDBEE382049EF3C00189B9A /* NSURL+OCURLNormalization.h in Headers */ = {isa = PBXBuildFile; fileRef = DCDBEE362049EF3B00189B9A /* NSURL+OCURLNormalization.h */; settings = {ATTRIBUTES = (Public, ); }; };
		DCDBEE392049EF3C00189B9A /* NSURL+OCURLNormalization.m in Sources */ = {isa = PBXBuildFile; fileRef = DCDBEE372049EF3C00189B9A /* NSURL+OCURLNormalization.m */; };
		DCDBEE3C2049F3D100189B9A /* MiscTests.m in Sources */ = {isa = PBXBuildFile; fileRef = DCDBEE3B2049F3D100189B9A /* MiscTests.m */; };
		DCEEB2D52042312500189B9A /* ConnectionTests.m in Sources */ = {isa = PBXBuildFile; fileRef = DCEEB2D42042312500189B9A /* ConnectionTests.m */; };
		DCEEB2D82042F84B00189B9A /* NSObject+OCClassSettings.h in Headers */ = {isa = PBXBuildFile; fileRef = DCEEB2D62042F84B00189B9A /* NSObject+OCClassSettings.h */; settings = {ATTRIBUTES = (Public, ); }; };
		DCEEB2D92042F84B00189B9A /* NSObject+OCClassSettings.m in Sources */ = {isa = PBXBuildFile; fileRef = DCEEB2D72042F84B00189B9A /* NSObject+OCClassSettings.m */; };
		DCEEB2DC20430B1400189B9A /* NSURL+OCURLQueryParameterExtensions.h in Headers */ = {isa = PBXBuildFile; fileRef = DCEEB2DA20430B1400189B9A /* NSURL+OCURLQueryParameterExtensions.h */; settings = {ATTRIBUTES = (Public, ); }; };
		DCEEB2DD20430B1400189B9A /* NSURL+OCURLQueryParameterExtensions.m in Sources */ = {isa = PBXBuildFile; fileRef = DCEEB2DB20430B1400189B9A /* NSURL+OCURLQueryParameterExtensions.m */; };
		DCEEB2E02044065000189B9A /* ownCloudSDK.framework in Frameworks */ = {isa = PBXBuildFile; fileRef = DCC8F9AB202852A200EB6701 /* ownCloudSDK.framework */; };
		DCEEB2E22044065F00189B9A /* ownCloudSDK.framework in CopyFiles */ = {isa = PBXBuildFile; fileRef = DCC8F9AB202852A200EB6701 /* ownCloudSDK.framework */; settings = {ATTRIBUTES = (CodeSignOnCopy, RemoveHeadersOnCopy, ); }; };
		DCEEB2E52044B0A400189B9A /* OCAuthenticationMethod+OCTools.h in Headers */ = {isa = PBXBuildFile; fileRef = DCEEB2E32044B0A400189B9A /* OCAuthenticationMethod+OCTools.h */; };
		DCEEB2E62044B0A400189B9A /* OCAuthenticationMethod+OCTools.m in Sources */ = {isa = PBXBuildFile; fileRef = DCEEB2E42044B0A400189B9A /* OCAuthenticationMethod+OCTools.m */; };
		DCEEB2E92046BC2600189B9A /* OCHTTPStatus.h in Headers */ = {isa = PBXBuildFile; fileRef = DCEEB2E72046BC2600189B9A /* OCHTTPStatus.h */; settings = {ATTRIBUTES = (Public, ); }; };
		DCEEB2EA2046BC2600189B9A /* OCHTTPStatus.m in Sources */ = {isa = PBXBuildFile; fileRef = DCEEB2E82046BC2600189B9A /* OCHTTPStatus.m */; };
		DCEEB2ED2046E2B900189B9A /* OCCertificate.h in Headers */ = {isa = PBXBuildFile; fileRef = DCEEB2EB2046E2B900189B9A /* OCCertificate.h */; settings = {ATTRIBUTES = (Public, ); }; };
		DCEEB2EE2046E2B900189B9A /* OCCertificate.m in Sources */ = {isa = PBXBuildFile; fileRef = DCEEB2EC2046E2B900189B9A /* OCCertificate.m */; };
		DCEEB2F12047094500189B9A /* NSData+OCHash.h in Headers */ = {isa = PBXBuildFile; fileRef = DCEEB2EF2047094500189B9A /* NSData+OCHash.h */; settings = {ATTRIBUTES = (Public, ); }; };
		DCEEB2F22047094500189B9A /* NSData+OCHash.m in Sources */ = {isa = PBXBuildFile; fileRef = DCEEB2F02047094500189B9A /* NSData+OCHash.m */; };
		DCEEB2F5204802CF00189B9A /* OCConnectionIssue.h in Headers */ = {isa = PBXBuildFile; fileRef = DCEEB2F3204802CF00189B9A /* OCConnectionIssue.h */; settings = {ATTRIBUTES = (Public, ); }; };
		DCEEB2F6204802CF00189B9A /* OCConnectionIssue.m in Sources */ = {isa = PBXBuildFile; fileRef = DCEEB2F4204802CF00189B9A /* OCConnectionIssue.m */; };
/* End PBXBuildFile section */

/* Begin PBXContainerItemProxy section */
		DC3094892057358800189B9A /* PBXContainerItemProxy */ = {
			isa = PBXContainerItemProxy;
			containerPortal = DCC8F9A2202852A200EB6701 /* Project object */;
			proxyType = 1;
			remoteGlobalIDString = DC3094832057358800189B9A;
			remoteInfo = ownCloudUI;
		};
		DC309490205735BD00189B9A /* PBXContainerItemProxy */ = {
			isa = PBXContainerItemProxy;
			containerPortal = DCC8F9A2202852A200EB6701 /* Project object */;
			proxyType = 1;
			remoteGlobalIDString = DCC8F9AA202852A200EB6701;
			remoteInfo = ownCloudSDK;
		};
		DC30954720574BC900189B9A /* PBXContainerItemProxy */ = {
			isa = PBXContainerItemProxy;
			containerPortal = DC30954320574BC900189B9A /* openssl.xcodeproj */;
			proxyType = 2;
			remoteGlobalIDString = DC30949D205749EA00189B9A;
			remoteInfo = openssl;
		};
		DC30954920574BD900189B9A /* PBXContainerItemProxy */ = {
			isa = PBXContainerItemProxy;
			containerPortal = DC30954320574BC900189B9A /* openssl.xcodeproj */;
			proxyType = 1;
			remoteGlobalIDString = DC30949C205749EA00189B9A;
			remoteInfo = openssl;
		};
		DC30954C20574BE900189B9A /* PBXContainerItemProxy */ = {
			isa = PBXContainerItemProxy;
			containerPortal = DC30954320574BC900189B9A /* openssl.xcodeproj */;
			proxyType = 1;
			remoteGlobalIDString = DC30949C205749EA00189B9A;
			remoteInfo = openssl;
		};
		DC3095562057CF2500189B9A /* PBXContainerItemProxy */ = {
			isa = PBXContainerItemProxy;
			containerPortal = DCC8F9A2202852A200EB6701 /* Project object */;
			proxyType = 1;
			remoteGlobalIDString = DC3094832057358800189B9A;
			remoteInfo = ownCloudUI;
		};
		DC3095582057CF2500189B9A /* PBXContainerItemProxy */ = {
			isa = PBXContainerItemProxy;
			containerPortal = DC30954320574BC900189B9A /* openssl.xcodeproj */;
			proxyType = 1;
			remoteGlobalIDString = DC30949C205749EA00189B9A;
			remoteInfo = openssl;
		};
		DC7E0A8D203732D6006111FA /* PBXContainerItemProxy */ = {
			isa = PBXContainerItemProxy;
			containerPortal = DCC8F9A2202852A200EB6701 /* Project object */;
			proxyType = 1;
			remoteGlobalIDString = DC7E0A76203732B3006111FA;
			remoteInfo = Ocean;
		};
		DCC8F9B6202852A200EB6701 /* PBXContainerItemProxy */ = {
			isa = PBXContainerItemProxy;
			containerPortal = DCC8F9A2202852A200EB6701 /* Project object */;
			proxyType = 1;
			remoteGlobalIDString = DCC8F9AA202852A200EB6701;
			remoteInfo = ownCloudSDK;
		};
		DCEEB2DE2044064C00189B9A /* PBXContainerItemProxy */ = {
			isa = PBXContainerItemProxy;
			containerPortal = DCC8F9A2202852A200EB6701 /* Project object */;
			proxyType = 1;
			remoteGlobalIDString = DCC8F9AA202852A200EB6701;
			remoteInfo = ownCloudSDK;
		};
/* End PBXContainerItemProxy section */

/* Begin PBXCopyFilesBuildPhase section */
		DCEEB2E12044065500189B9A /* CopyFiles */ = {
			isa = PBXCopyFilesBuildPhase;
			buildActionMask = 2147483647;
			dstPath = "";
			dstSubfolderSpec = 10;
			files = (
				DC30954F20574BF400189B9A /* openssl.framework in CopyFiles */,
				DCEEB2E22044065F00189B9A /* ownCloudSDK.framework in CopyFiles */,
				DC30948C2057358800189B9A /* ownCloudUI.framework in CopyFiles */,
			);
			runOnlyForDeploymentPostprocessing = 0;
		};
/* End PBXCopyFilesBuildPhase section */

/* Begin PBXFileReference section */
		DC30947220542FA500189B9A /* OCConnection+Users.m */ = {isa = PBXFileReference; lastKnownFileType = sourcecode.c.objc; path = "OCConnection+Users.m"; sourceTree = "<group>"; };
		DC3094842057358800189B9A /* ownCloudUI.framework */ = {isa = PBXFileReference; explicitFileType = wrapper.framework; includeInIndex = 0; path = ownCloudUI.framework; sourceTree = BUILT_PRODUCTS_DIR; };
		DC3094862057358800189B9A /* ownCloudUI.h */ = {isa = PBXFileReference; lastKnownFileType = sourcecode.c.h; path = ownCloudUI.h; sourceTree = "<group>"; };
		DC3094872057358800189B9A /* Info.plist */ = {isa = PBXFileReference; lastKnownFileType = text.plist.xml; path = Info.plist; sourceTree = "<group>"; };
		DC30954320574BC900189B9A /* openssl.xcodeproj */ = {isa = PBXFileReference; lastKnownFileType = "wrapper.pb-project"; name = openssl.xcodeproj; path = openssl/framework/openssl.xcodeproj; sourceTree = "<group>"; };
		DC30955020574C2C00189B9A /* OCCertificate+OpenSSL.h */ = {isa = PBXFileReference; lastKnownFileType = sourcecode.c.h; path = "OCCertificate+OpenSSL.h"; sourceTree = "<group>"; };
		DC30955120574C2C00189B9A /* OCCertificate+OpenSSL.m */ = {isa = PBXFileReference; lastKnownFileType = sourcecode.c.objc; path = "OCCertificate+OpenSSL.m"; sourceTree = "<group>"; };
		DC30955C2057CFC000189B9A /* CertificateTests.m */ = {isa = PBXFileReference; lastKnownFileType = sourcecode.c.objc; path = CertificateTests.m; sourceTree = "<group>"; };
		DC30955E2057D18100189B9A /* fake-demo_owncloud_org.cer */ = {isa = PBXFileReference; lastKnownFileType = file; path = "fake-demo_owncloud_org.cer"; sourceTree = "<group>"; };
		DC30956020580D5F00189B9A /* OCCertificateViewController.h */ = {isa = PBXFileReference; lastKnownFileType = sourcecode.c.h; path = OCCertificateViewController.h; sourceTree = "<group>"; };
		DC30956120580D5F00189B9A /* OCCertificateViewController.m */ = {isa = PBXFileReference; lastKnownFileType = sourcecode.c.objc; path = OCCertificateViewController.m; sourceTree = "<group>"; };
		DC39DC442041A03300189B9A /* OCAuthenticationMethodBasicAuth.h */ = {isa = PBXFileReference; lastKnownFileType = sourcecode.c.h; path = OCAuthenticationMethodBasicAuth.h; sourceTree = "<group>"; };
		DC39DC452041A03300189B9A /* OCAuthenticationMethodBasicAuth.m */ = {isa = PBXFileReference; lastKnownFileType = sourcecode.c.objc; path = OCAuthenticationMethodBasicAuth.m; sourceTree = "<group>"; };
		DC39DC492041A2FB00189B9A /* NSError+OCError.h */ = {isa = PBXFileReference; lastKnownFileType = sourcecode.c.h; path = "NSError+OCError.h"; sourceTree = "<group>"; };
		DC39DC4A2041A2FB00189B9A /* NSError+OCError.m */ = {isa = PBXFileReference; lastKnownFileType = sourcecode.c.objc; path = "NSError+OCError.m"; sourceTree = "<group>"; };
		DC39DC4D2041B53000189B9A /* AuthenticationTests.m */ = {isa = PBXFileReference; lastKnownFileType = sourcecode.c.objc; path = AuthenticationTests.m; sourceTree = "<group>"; };
		DC39DC4F2041CA9B00189B9A /* OCConnection+OCConnectionQueue.h */ = {isa = PBXFileReference; lastKnownFileType = sourcecode.c.h; path = "OCConnection+OCConnectionQueue.h"; sourceTree = "<group>"; };
		DC39DC57204215A800189B9A /* NSProgress+OCEvent.h */ = {isa = PBXFileReference; lastKnownFileType = sourcecode.c.h; path = "NSProgress+OCEvent.h"; sourceTree = "<group>"; };
		DC39DC58204215A800189B9A /* NSProgress+OCEvent.m */ = {isa = PBXFileReference; lastKnownFileType = sourcecode.c.objc; path = "NSProgress+OCEvent.m"; sourceTree = "<group>"; };
		DC3F2B4E204AED1900189B9A /* en */ = {isa = PBXFileReference; lastKnownFileType = text.plist.strings; name = en; path = en.lproj/Localizable.strings; sourceTree = "<group>"; };
		DC3F2B50204AED8300189B9A /* OCMacros.h */ = {isa = PBXFileReference; lastKnownFileType = sourcecode.c.h; path = OCMacros.h; sourceTree = "<group>"; };
		DC545E78203F7DD0006111FA /* OCUser.h */ = {isa = PBXFileReference; lastKnownFileType = sourcecode.c.h; path = OCUser.h; sourceTree = "<group>"; };
		DC545E79203F7DD0006111FA /* OCUser.m */ = {isa = PBXFileReference; lastKnownFileType = sourcecode.c.objc; path = OCUser.m; sourceTree = "<group>"; };
		DC66C6B220540DBD00189B9A /* NSDate+OCDateParser.h */ = {isa = PBXFileReference; lastKnownFileType = sourcecode.c.h; path = "NSDate+OCDateParser.h"; sourceTree = "<group>"; };
		DC66C6B320540DBD00189B9A /* NSDate+OCDateParser.m */ = {isa = PBXFileReference; lastKnownFileType = sourcecode.c.objc; path = "NSDate+OCDateParser.m"; sourceTree = "<group>"; };
		DC72567E20405752006111FA /* OCClassSettings.h */ = {isa = PBXFileReference; lastKnownFileType = sourcecode.c.h; path = OCClassSettings.h; sourceTree = "<group>"; };
		DC72567F20405752006111FA /* OCClassSettings.m */ = {isa = PBXFileReference; lastKnownFileType = sourcecode.c.objc; path = OCClassSettings.m; sourceTree = "<group>"; };
		DC72E4192061665D00189B9A /* OCHostSimulator.h */ = {isa = PBXFileReference; lastKnownFileType = sourcecode.c.h; path = OCHostSimulator.h; sourceTree = "<group>"; };
		DC72E41A2061665D00189B9A /* OCHostSimulator.m */ = {isa = PBXFileReference; lastKnownFileType = sourcecode.c.objc; path = OCHostSimulator.m; sourceTree = "<group>"; };
		DC72E41D206166C500189B9A /* OCHostSimulatorResponse.h */ = {isa = PBXFileReference; lastKnownFileType = sourcecode.c.h; path = OCHostSimulatorResponse.h; sourceTree = "<group>"; };
		DC72E41E206166C500189B9A /* OCHostSimulatorResponse.m */ = {isa = PBXFileReference; lastKnownFileType = sourcecode.c.objc; path = OCHostSimulatorResponse.m; sourceTree = "<group>"; };
		DC72E4202063BE9400189B9A /* HostSimulatorTests.m */ = {isa = PBXFileReference; lastKnownFileType = sourcecode.c.objc; path = HostSimulatorTests.m; sourceTree = "<group>"; };
		DC72E4272063D61F00189B9A /* OCClassSettingsFlatSource.h */ = {isa = PBXFileReference; lastKnownFileType = sourcecode.c.h; path = OCClassSettingsFlatSource.h; sourceTree = "<group>"; };
		DC72E4282063D61F00189B9A /* OCClassSettingsFlatSource.m */ = {isa = PBXFileReference; lastKnownFileType = sourcecode.c.objc; path = OCClassSettingsFlatSource.m; sourceTree = "<group>"; };
		DC72E42C2063DBF900189B9A /* OCClassSettingsFlatSourceManagedConfiguration.h */ = {isa = PBXFileReference; lastKnownFileType = sourcecode.c.h; path = OCClassSettingsFlatSourceManagedConfiguration.h; sourceTree = "<group>"; };
		DC72E42D2063DBF900189B9A /* OCClassSettingsFlatSourceManagedConfiguration.m */ = {isa = PBXFileReference; lastKnownFileType = sourcecode.c.objc; path = OCClassSettingsFlatSourceManagedConfiguration.m; sourceTree = "<group>"; };
		DC72E4302063DD7600189B9A /* OCClassSettingsFlatSourcePropertyList.h */ = {isa = PBXFileReference; lastKnownFileType = sourcecode.c.h; path = OCClassSettingsFlatSourcePropertyList.h; sourceTree = "<group>"; };
		DC72E4312063DD7600189B9A /* OCClassSettingsFlatSourcePropertyList.m */ = {isa = PBXFileReference; lastKnownFileType = sourcecode.c.objc; path = OCClassSettingsFlatSourcePropertyList.m; sourceTree = "<group>"; };
		DC72E4342063DF5C00189B9A /* SettingsTests.m */ = {isa = PBXFileReference; lastKnownFileType = sourcecode.c.objc; path = SettingsTests.m; sourceTree = "<group>"; };
		DC72E4362063DF7700189B9A /* customSettings.plist */ = {isa = PBXFileReference; lastKnownFileType = text.plist.xml; path = customSettings.plist; sourceTree = "<group>"; };
		DC79E1A52058725700189B9A /* en */ = {isa = PBXFileReference; lastKnownFileType = text.plist.strings; name = en; path = en.lproj/Localizable.strings; sourceTree = "<group>"; };
		DC79E1A72058747000189B9A /* LaunchScreen.storyboard */ = {isa = PBXFileReference; fileEncoding = 4; lastKnownFileType = file.storyboard; path = LaunchScreen.storyboard; sourceTree = "<group>"; };
		DC79E1A82058747100189B9A /* Main.storyboard */ = {isa = PBXFileReference; fileEncoding = 4; lastKnownFileType = file.storyboard; path = Main.storyboard; sourceTree = "<group>"; };
		DC79E1AB205888F800189B9A /* OCCertificateDetailsViewNode.h */ = {isa = PBXFileReference; lastKnownFileType = sourcecode.c.h; path = OCCertificateDetailsViewNode.h; sourceTree = "<group>"; };
		DC79E1AC205888F800189B9A /* OCCertificateDetailsViewNode.m */ = {isa = PBXFileReference; lastKnownFileType = sourcecode.c.objc; path = OCCertificateDetailsViewNode.m; sourceTree = "<group>"; };
		DC7E0A6D2036F28B006111FA /* OCKeychain.h */ = {isa = PBXFileReference; lastKnownFileType = sourcecode.c.h; path = OCKeychain.h; sourceTree = "<group>"; };
		DC7E0A6E2036F28B006111FA /* OCKeychain.m */ = {isa = PBXFileReference; lastKnownFileType = sourcecode.c.objc; path = OCKeychain.m; sourceTree = "<group>"; };
		DC7E0A712036F60C006111FA /* BookmarkTests.m */ = {isa = PBXFileReference; lastKnownFileType = sourcecode.c.objc; path = BookmarkTests.m; sourceTree = "<group>"; };
		DC7E0A77203732B3006111FA /* Ocean.app */ = {isa = PBXFileReference; explicitFileType = wrapper.application; includeInIndex = 0; path = Ocean.app; sourceTree = BUILT_PRODUCTS_DIR; };
		DC7E0A79203732B3006111FA /* AppDelegate.h */ = {isa = PBXFileReference; lastKnownFileType = sourcecode.c.h; path = AppDelegate.h; sourceTree = "<group>"; };
		DC7E0A7A203732B3006111FA /* AppDelegate.m */ = {isa = PBXFileReference; lastKnownFileType = sourcecode.c.objc; path = AppDelegate.m; sourceTree = "<group>"; };
		DC7E0A7C203732B3006111FA /* ViewController.h */ = {isa = PBXFileReference; lastKnownFileType = sourcecode.c.h; path = ViewController.h; sourceTree = "<group>"; };
		DC7E0A7D203732B3006111FA /* ViewController.m */ = {isa = PBXFileReference; lastKnownFileType = sourcecode.c.objc; path = ViewController.m; sourceTree = "<group>"; };
		DC7E0A82203732B3006111FA /* Assets.xcassets */ = {isa = PBXFileReference; lastKnownFileType = folder.assetcatalog; path = Assets.xcassets; sourceTree = "<group>"; };
		DC7E0A87203732B3006111FA /* Info.plist */ = {isa = PBXFileReference; lastKnownFileType = text.plist.xml; path = Info.plist; sourceTree = "<group>"; };
		DC7E0A88203732B3006111FA /* main.m */ = {isa = PBXFileReference; lastKnownFileType = sourcecode.c.objc; path = main.m; sourceTree = "<group>"; };
		DC8556EB204DEA2900189B9A /* OCConnectionDAVRequest.h */ = {isa = PBXFileReference; lastKnownFileType = sourcecode.c.h; path = OCConnectionDAVRequest.h; sourceTree = "<group>"; };
		DC8556EC204DEA2900189B9A /* OCConnectionDAVRequest.m */ = {isa = PBXFileReference; lastKnownFileType = sourcecode.c.objc; path = OCConnectionDAVRequest.m; sourceTree = "<group>"; };
		DC8556EF204DEB9200189B9A /* OCXMLNode.h */ = {isa = PBXFileReference; lastKnownFileType = sourcecode.c.h; path = OCXMLNode.h; sourceTree = "<group>"; };
		DC8556F0204DEB9200189B9A /* OCXMLNode.m */ = {isa = PBXFileReference; lastKnownFileType = sourcecode.c.objc; path = OCXMLNode.m; sourceTree = "<group>"; };
		DC8556F4204F361100189B9A /* OCLogger.h */ = {isa = PBXFileReference; lastKnownFileType = sourcecode.c.h; path = OCLogger.h; sourceTree = "<group>"; };
		DC8556F5204F361100189B9A /* OCLogger.m */ = {isa = PBXFileReference; lastKnownFileType = sourcecode.c.objc; path = OCLogger.m; sourceTree = "<group>"; };
		DC8556F9204F4F3000189B9A /* OCXMLParser.h */ = {isa = PBXFileReference; lastKnownFileType = sourcecode.c.h; path = OCXMLParser.h; sourceTree = "<group>"; };
		DC8556FA204F4F3000189B9A /* OCXMLParser.m */ = {isa = PBXFileReference; lastKnownFileType = sourcecode.c.objc; path = OCXMLParser.m; sourceTree = "<group>"; };
		DC8556FD204F597800189B9A /* OCXMLParserNode.h */ = {isa = PBXFileReference; lastKnownFileType = sourcecode.c.h; path = OCXMLParserNode.h; sourceTree = "<group>"; };
		DC8556FE204F597800189B9A /* OCXMLParserNode.m */ = {isa = PBXFileReference; lastKnownFileType = sourcecode.c.objc; path = OCXMLParserNode.m; sourceTree = "<group>"; };
		DC855719204FEC0A00189B9A /* doc */ = {isa = PBXFileReference; lastKnownFileType = folder; path = doc; sourceTree = "<group>"; };
		DC85571A2050196000189B9A /* OCItem+OCXMLObjectCreation.h */ = {isa = PBXFileReference; lastKnownFileType = sourcecode.c.h; path = "OCItem+OCXMLObjectCreation.h"; sourceTree = "<group>"; };
		DC85571B2050196000189B9A /* OCItem+OCXMLObjectCreation.m */ = {isa = PBXFileReference; lastKnownFileType = sourcecode.c.objc; path = "OCItem+OCXMLObjectCreation.m"; sourceTree = "<group>"; };
		DCC8F9AB202852A200EB6701 /* ownCloudSDK.framework */ = {isa = PBXFileReference; explicitFileType = wrapper.framework; includeInIndex = 0; path = ownCloudSDK.framework; sourceTree = BUILT_PRODUCTS_DIR; };
		DCC8F9AE202852A200EB6701 /* ownCloudSDK.h */ = {isa = PBXFileReference; lastKnownFileType = sourcecode.c.h; path = ownCloudSDK.h; sourceTree = "<group>"; };
		DCC8F9AF202852A200EB6701 /* Info.plist */ = {isa = PBXFileReference; lastKnownFileType = text.plist.xml; path = Info.plist; sourceTree = "<group>"; };
		DCC8F9B4202852A200EB6701 /* ownCloudSDKTests.xctest */ = {isa = PBXFileReference; explicitFileType = wrapper.cfbundle; includeInIndex = 0; path = ownCloudSDKTests.xctest; sourceTree = BUILT_PRODUCTS_DIR; };
		DCC8F9BB202852A200EB6701 /* Info.plist */ = {isa = PBXFileReference; lastKnownFileType = text.plist.xml; path = Info.plist; sourceTree = "<group>"; };
		DCC8F9C62028533000EB6701 /* README.md */ = {isa = PBXFileReference; lastKnownFileType = net.daringfireball.markdown; path = README.md; sourceTree = "<group>"; };
		DCC8F9C72028535B00EB6701 /* LICENSE */ = {isa = PBXFileReference; lastKnownFileType = text; path = LICENSE; sourceTree = "<group>"; };
		DCC8F9D7202854FB00EB6701 /* OCCore.h */ = {isa = PBXFileReference; lastKnownFileType = sourcecode.c.h; path = OCCore.h; sourceTree = "<group>"; };
		DCC8F9D8202854FB00EB6701 /* OCCore.m */ = {isa = PBXFileReference; lastKnownFileType = sourcecode.c.objc; path = OCCore.m; sourceTree = "<group>"; };
		DCC8F9E02028554E00EB6701 /* OCBookmark.h */ = {isa = PBXFileReference; lastKnownFileType = sourcecode.c.h; path = OCBookmark.h; sourceTree = "<group>"; };
		DCC8F9E12028554E00EB6701 /* OCBookmark.m */ = {isa = PBXFileReference; lastKnownFileType = sourcecode.c.objc; path = OCBookmark.m; sourceTree = "<group>"; };
		DCC8F9E42028556500EB6701 /* OCConnection.h */ = {isa = PBXFileReference; lastKnownFileType = sourcecode.c.h; path = OCConnection.h; sourceTree = "<group>"; };
		DCC8F9E52028556500EB6701 /* OCConnection.m */ = {isa = PBXFileReference; lastKnownFileType = sourcecode.c.objc; path = OCConnection.m; sourceTree = "<group>"; };
		DCC8F9E82028557100EB6701 /* OCDatabase.h */ = {isa = PBXFileReference; lastKnownFileType = sourcecode.c.h; path = OCDatabase.h; sourceTree = "<group>"; };
		DCC8F9E92028557100EB6701 /* OCDatabase.m */ = {isa = PBXFileReference; lastKnownFileType = sourcecode.c.objc; path = OCDatabase.m; sourceTree = "<group>"; };
		DCC8F9EC2028558000EB6701 /* OCQuery.h */ = {isa = PBXFileReference; lastKnownFileType = sourcecode.c.h; path = OCQuery.h; sourceTree = "<group>"; };
		DCC8F9ED2028558000EB6701 /* OCQuery.m */ = {isa = PBXFileReference; lastKnownFileType = sourcecode.c.objc; path = OCQuery.m; sourceTree = "<group>"; };
		DCC8F9F02028559600EB6701 /* OCItem.h */ = {isa = PBXFileReference; lastKnownFileType = sourcecode.c.h; path = OCItem.h; sourceTree = "<group>"; };
		DCC8F9F12028559600EB6701 /* OCItem.m */ = {isa = PBXFileReference; lastKnownFileType = sourcecode.c.objc; path = OCItem.m; sourceTree = "<group>"; };
		DCC8F9F4202855A200EB6701 /* OCShare.h */ = {isa = PBXFileReference; lastKnownFileType = sourcecode.c.h; path = OCShare.h; sourceTree = "<group>"; };
		DCC8F9F5202855A200EB6701 /* OCShare.m */ = {isa = PBXFileReference; lastKnownFileType = sourcecode.c.objc; path = OCShare.m; sourceTree = "<group>"; };
		DCC8F9F92028586900EB6701 /* OCAuthenticationMethod.h */ = {isa = PBXFileReference; lastKnownFileType = sourcecode.c.h; path = OCAuthenticationMethod.h; sourceTree = "<group>"; };
		DCC8F9FA2028586900EB6701 /* OCAuthenticationMethod.m */ = {isa = PBXFileReference; lastKnownFileType = sourcecode.c.objc; path = OCAuthenticationMethod.m; sourceTree = "<group>"; };
		DCC8F9FD20285C1500EB6701 /* OCAuthenticationMethodOAuth2.h */ = {isa = PBXFileReference; lastKnownFileType = sourcecode.c.h; path = OCAuthenticationMethodOAuth2.h; sourceTree = "<group>"; };
		DCC8F9FE20285C1500EB6701 /* OCAuthenticationMethodOAuth2.m */ = {isa = PBXFileReference; lastKnownFileType = sourcecode.c.objc; path = OCAuthenticationMethodOAuth2.m; sourceTree = "<group>"; };
		DCC8FA012029BA7A00EB6701 /* OCVault.h */ = {isa = PBXFileReference; lastKnownFileType = sourcecode.c.h; path = OCVault.h; sourceTree = "<group>"; };
		DCC8FA022029BA7A00EB6701 /* OCVault.m */ = {isa = PBXFileReference; lastKnownFileType = sourcecode.c.objc; path = OCVault.m; sourceTree = "<group>"; };
		DCC8FA072029BB1200EB6701 /* libsqlite3.tbd */ = {isa = PBXFileReference; lastKnownFileType = "sourcecode.text-based-dylib-definition"; name = libsqlite3.tbd; path = usr/lib/libsqlite3.tbd; sourceTree = SDKROOT; };
		DCC8FA092029C0BD00EB6701 /* OCQueryFilter.h */ = {isa = PBXFileReference; lastKnownFileType = sourcecode.c.h; path = OCQueryFilter.h; sourceTree = "<group>"; };
		DCC8FA0A2029C0BE00EB6701 /* OCQueryFilter.m */ = {isa = PBXFileReference; lastKnownFileType = sourcecode.c.objc; path = OCQueryFilter.m; sourceTree = "<group>"; };
		DCC8FA0D2029C6A400EB6701 /* OCQueryChangeSet.h */ = {isa = PBXFileReference; lastKnownFileType = sourcecode.c.h; path = OCQueryChangeSet.h; sourceTree = "<group>"; };
		DCC8FA0E2029C6A400EB6701 /* OCQueryChangeSet.m */ = {isa = PBXFileReference; lastKnownFileType = sourcecode.c.objc; path = OCQueryChangeSet.m; sourceTree = "<group>"; };
		DCC8FA112029D5EC00EB6701 /* OCTypes.h */ = {isa = PBXFileReference; lastKnownFileType = sourcecode.c.h; path = OCTypes.h; sourceTree = "<group>"; };
		DCC8FA132029EB9400EB6701 /* OCConnectionRequest.h */ = {isa = PBXFileReference; lastKnownFileType = sourcecode.c.h; path = OCConnectionRequest.h; sourceTree = "<group>"; };
		DCC8FA142029EB9400EB6701 /* OCConnectionRequest.m */ = {isa = PBXFileReference; lastKnownFileType = sourcecode.c.objc; path = OCConnectionRequest.m; sourceTree = "<group>"; };
		DCC8FA1F202B218100EB6701 /* OCAppIdentity.h */ = {isa = PBXFileReference; lastKnownFileType = sourcecode.c.h; path = OCAppIdentity.h; sourceTree = "<group>"; };
		DCC8FA20202B218100EB6701 /* OCAppIdentity.m */ = {isa = PBXFileReference; lastKnownFileType = sourcecode.c.objc; path = OCAppIdentity.m; sourceTree = "<group>"; };
		DCC8FA23202B259D00EB6701 /* OCSyncRecord.h */ = {isa = PBXFileReference; lastKnownFileType = sourcecode.c.h; path = OCSyncRecord.h; sourceTree = "<group>"; };
		DCC8FA24202B259D00EB6701 /* OCSyncRecord.m */ = {isa = PBXFileReference; lastKnownFileType = sourcecode.c.objc; path = OCSyncRecord.m; sourceTree = "<group>"; };
		DCC8FA27202B37B800EB6701 /* OCConnectionQueue.h */ = {isa = PBXFileReference; lastKnownFileType = sourcecode.c.h; path = OCConnectionQueue.h; sourceTree = "<group>"; };
		DCC8FA28202B37B800EB6701 /* OCConnectionQueue.m */ = {isa = PBXFileReference; lastKnownFileType = sourcecode.c.objc; path = OCConnectionQueue.m; sourceTree = "<group>"; };
		DCC8FA2D202B405F00EB6701 /* OCEvent.h */ = {isa = PBXFileReference; lastKnownFileType = sourcecode.c.h; path = OCEvent.h; sourceTree = "<group>"; };
		DCC8FA2E202B405F00EB6701 /* OCEvent.m */ = {isa = PBXFileReference; lastKnownFileType = sourcecode.c.objc; path = OCEvent.m; sourceTree = "<group>"; };
		DCC8FA31202B443D00EB6701 /* OCEventTarget.h */ = {isa = PBXFileReference; lastKnownFileType = sourcecode.c.h; path = OCEventTarget.h; sourceTree = "<group>"; };
		DCC8FA32202B443D00EB6701 /* OCEventTarget.m */ = {isa = PBXFileReference; lastKnownFileType = sourcecode.c.objc; path = OCEventTarget.m; sourceTree = "<group>"; };
		DCD3439520592EC500189B9A /* OCDatabaseSQLite.h */ = {isa = PBXFileReference; lastKnownFileType = sourcecode.c.h; path = OCDatabaseSQLite.h; sourceTree = "<group>"; };
		DCD3439620592EC500189B9A /* OCDatabaseSQLite.m */ = {isa = PBXFileReference; lastKnownFileType = sourcecode.c.objc; path = OCDatabaseSQLite.m; sourceTree = "<group>"; };
		DCD3439A2059319C00189B9A /* OCSQLiteDB.h */ = {isa = PBXFileReference; lastKnownFileType = sourcecode.c.h; path = OCSQLiteDB.h; sourceTree = "<group>"; };
		DCD3439B2059319C00189B9A /* OCSQLiteDB.m */ = {isa = PBXFileReference; lastKnownFileType = sourcecode.c.objc; path = OCSQLiteDB.m; sourceTree = "<group>"; };
		DCDBEE2A2048A6A700189B9A /* OCConnection+Setup.m */ = {isa = PBXFileReference; lastKnownFileType = sourcecode.c.objc; path = "OCConnection+Setup.m"; sourceTree = "<group>"; };
		DCDBEE2E2048A71200189B9A /* OCConnection+Tools.m */ = {isa = PBXFileReference; lastKnownFileType = sourcecode.c.objc; path = "OCConnection+Tools.m"; sourceTree = "<group>"; };
		DCDBEE322048A8BC00189B9A /* OCConnection+Authentication.m */ = {isa = PBXFileReference; lastKnownFileType = sourcecode.c.objc; path = "OCConnection+Authentication.m"; sourceTree = "<group>"; };
		DCDBEE362049EF3B00189B9A /* NSURL+OCURLNormalization.h */ = {isa = PBXFileReference; lastKnownFileType = sourcecode.c.h; path = "NSURL+OCURLNormalization.h"; sourceTree = "<group>"; };
		DCDBEE372049EF3C00189B9A /* NSURL+OCURLNormalization.m */ = {isa = PBXFileReference; lastKnownFileType = sourcecode.c.objc; path = "NSURL+OCURLNormalization.m"; sourceTree = "<group>"; };
		DCDBEE3B2049F3D100189B9A /* MiscTests.m */ = {isa = PBXFileReference; lastKnownFileType = sourcecode.c.objc; path = MiscTests.m; sourceTree = "<group>"; };
		DCEEB2D42042312500189B9A /* ConnectionTests.m */ = {isa = PBXFileReference; lastKnownFileType = sourcecode.c.objc; path = ConnectionTests.m; sourceTree = "<group>"; };
		DCEEB2D62042F84B00189B9A /* NSObject+OCClassSettings.h */ = {isa = PBXFileReference; lastKnownFileType = sourcecode.c.h; path = "NSObject+OCClassSettings.h"; sourceTree = "<group>"; };
		DCEEB2D72042F84B00189B9A /* NSObject+OCClassSettings.m */ = {isa = PBXFileReference; lastKnownFileType = sourcecode.c.objc; path = "NSObject+OCClassSettings.m"; sourceTree = "<group>"; };
		DCEEB2DA20430B1400189B9A /* NSURL+OCURLQueryParameterExtensions.h */ = {isa = PBXFileReference; lastKnownFileType = sourcecode.c.h; path = "NSURL+OCURLQueryParameterExtensions.h"; sourceTree = "<group>"; };
		DCEEB2DB20430B1400189B9A /* NSURL+OCURLQueryParameterExtensions.m */ = {isa = PBXFileReference; lastKnownFileType = sourcecode.c.objc; path = "NSURL+OCURLQueryParameterExtensions.m"; sourceTree = "<group>"; };
		DCEEB2E32044B0A400189B9A /* OCAuthenticationMethod+OCTools.h */ = {isa = PBXFileReference; lastKnownFileType = sourcecode.c.h; path = "OCAuthenticationMethod+OCTools.h"; sourceTree = "<group>"; };
		DCEEB2E42044B0A400189B9A /* OCAuthenticationMethod+OCTools.m */ = {isa = PBXFileReference; lastKnownFileType = sourcecode.c.objc; path = "OCAuthenticationMethod+OCTools.m"; sourceTree = "<group>"; };
		DCEEB2E72046BC2600189B9A /* OCHTTPStatus.h */ = {isa = PBXFileReference; lastKnownFileType = sourcecode.c.h; path = OCHTTPStatus.h; sourceTree = "<group>"; };
		DCEEB2E82046BC2600189B9A /* OCHTTPStatus.m */ = {isa = PBXFileReference; lastKnownFileType = sourcecode.c.objc; path = OCHTTPStatus.m; sourceTree = "<group>"; };
		DCEEB2EB2046E2B900189B9A /* OCCertificate.h */ = {isa = PBXFileReference; lastKnownFileType = sourcecode.c.h; path = OCCertificate.h; sourceTree = "<group>"; };
		DCEEB2EC2046E2B900189B9A /* OCCertificate.m */ = {isa = PBXFileReference; lastKnownFileType = sourcecode.c.objc; path = OCCertificate.m; sourceTree = "<group>"; };
		DCEEB2EF2047094500189B9A /* NSData+OCHash.h */ = {isa = PBXFileReference; lastKnownFileType = sourcecode.c.h; path = "NSData+OCHash.h"; sourceTree = "<group>"; };
		DCEEB2F02047094500189B9A /* NSData+OCHash.m */ = {isa = PBXFileReference; lastKnownFileType = sourcecode.c.objc; path = "NSData+OCHash.m"; sourceTree = "<group>"; };
		DCEEB2F3204802CF00189B9A /* OCConnectionIssue.h */ = {isa = PBXFileReference; lastKnownFileType = sourcecode.c.h; path = OCConnectionIssue.h; sourceTree = "<group>"; };
		DCEEB2F4204802CF00189B9A /* OCConnectionIssue.m */ = {isa = PBXFileReference; lastKnownFileType = sourcecode.c.objc; path = OCConnectionIssue.m; sourceTree = "<group>"; };
/* End PBXFileReference section */

/* Begin PBXFrameworksBuildPhase section */
		DC3094802057358800189B9A /* Frameworks */ = {
			isa = PBXFrameworksBuildPhase;
			buildActionMask = 2147483647;
			files = (
				DC30954B20574BDC00189B9A /* openssl.framework in Frameworks */,
				DC309492205735C200189B9A /* ownCloudSDK.framework in Frameworks */,
			);
			runOnlyForDeploymentPostprocessing = 0;
		};
		DC7E0A74203732B3006111FA /* Frameworks */ = {
			isa = PBXFrameworksBuildPhase;
			buildActionMask = 2147483647;
			files = (
				DC30954E20574BEC00189B9A /* openssl.framework in Frameworks */,
				DCEEB2E02044065000189B9A /* ownCloudSDK.framework in Frameworks */,
				DC30948B2057358800189B9A /* ownCloudUI.framework in Frameworks */,
			);
			runOnlyForDeploymentPostprocessing = 0;
		};
		DCC8F9A7202852A200EB6701 /* Frameworks */ = {
			isa = PBXFrameworksBuildPhase;
			buildActionMask = 2147483647;
			files = (
				DCC8FA082029BB1200EB6701 /* libsqlite3.tbd in Frameworks */,
			);
			runOnlyForDeploymentPostprocessing = 0;
		};
		DCC8F9B1202852A200EB6701 /* Frameworks */ = {
			isa = PBXFrameworksBuildPhase;
			buildActionMask = 2147483647;
			files = (
				DC30955A2057CF2B00189B9A /* ownCloudUI.framework in Frameworks */,
				DC30955B2057CF2B00189B9A /* openssl.framework in Frameworks */,
				DCC8F9B5202852A200EB6701 /* ownCloudSDK.framework in Frameworks */,
			);
			runOnlyForDeploymentPostprocessing = 0;
		};
/* End PBXFrameworksBuildPhase section */

/* Begin PBXGroup section */
		DC3094852057358800189B9A /* ownCloudUI */ = {
			isa = PBXGroup;
			children = (
				DC3094862057358800189B9A /* ownCloudUI.h */,
				DC79E1A3205871FA00189B9A /* Certificate Metadata */,
				DC79E1A2205871B800189B9A /* Resources */,
				DC30954320574BC900189B9A /* openssl.xcodeproj */,
				DC3094872057358800189B9A /* Info.plist */,
			);
			path = ownCloudUI;
			sourceTree = "<group>";
		};
		DC30954420574BC900189B9A /* Products */ = {
			isa = PBXGroup;
			children = (
				DC30954820574BC900189B9A /* openssl.framework */,
			);
			name = Products;
			sourceTree = "<group>";
		};
		DC72E41C2061666900189B9A /* Host Simulator */ = {
			isa = PBXGroup;
			children = (
				DC72E41A2061665D00189B9A /* OCHostSimulator.m */,
				DC72E4192061665D00189B9A /* OCHostSimulator.h */,
				DC72E41E206166C500189B9A /* OCHostSimulatorResponse.m */,
				DC72E41D206166C500189B9A /* OCHostSimulatorResponse.h */,
			);
			path = "Host Simulator";
			sourceTree = "<group>";
		};
		DC72E4262063D54F00189B9A /* Settings */ = {
			isa = PBXGroup;
			children = (
				DC72567F20405752006111FA /* OCClassSettings.m */,
				DC72567E20405752006111FA /* OCClassSettings.h */,
				DC72E42B2063DBDD00189B9A /* Sources */,
				DCEEB2D72042F84B00189B9A /* NSObject+OCClassSettings.m */,
				DCEEB2D62042F84B00189B9A /* NSObject+OCClassSettings.h */,
			);
			path = Settings;
			sourceTree = "<group>";
		};
		DC72E42B2063DBDD00189B9A /* Sources */ = {
			isa = PBXGroup;
			children = (
				DC72E4282063D61F00189B9A /* OCClassSettingsFlatSource.m */,
				DC72E4272063D61F00189B9A /* OCClassSettingsFlatSource.h */,
				DC72E42D2063DBF900189B9A /* OCClassSettingsFlatSourceManagedConfiguration.m */,
				DC72E42C2063DBF900189B9A /* OCClassSettingsFlatSourceManagedConfiguration.h */,
				DC72E4312063DD7600189B9A /* OCClassSettingsFlatSourcePropertyList.m */,
				DC72E4302063DD7600189B9A /* OCClassSettingsFlatSourcePropertyList.h */,
			);
			path = Sources;
			sourceTree = "<group>";
		};
		DC79E1A2205871B800189B9A /* Resources */ = {
			isa = PBXGroup;
			children = (
				DC79E1A62058725700189B9A /* Localizable.strings */,
			);
			path = Resources;
			sourceTree = "<group>";
		};
		DC79E1A3205871FA00189B9A /* Certificate Metadata */ = {
			isa = PBXGroup;
			children = (
				DC30955120574C2C00189B9A /* OCCertificate+OpenSSL.m */,
				DC30955020574C2C00189B9A /* OCCertificate+OpenSSL.h */,
				DC30956120580D5F00189B9A /* OCCertificateViewController.m */,
				DC30956020580D5F00189B9A /* OCCertificateViewController.h */,
				DC79E1AC205888F800189B9A /* OCCertificateDetailsViewNode.m */,
				DC79E1AB205888F800189B9A /* OCCertificateDetailsViewNode.h */,
			);
			path = "Certificate Metadata";
			sourceTree = "<group>";
		};
		DC7E0A78203732B3006111FA /* Ocean */ = {
			isa = PBXGroup;
			children = (
				DC7E0A7A203732B3006111FA /* AppDelegate.m */,
				DC7E0A79203732B3006111FA /* AppDelegate.h */,
				DC7E0A7D203732B3006111FA /* ViewController.m */,
				DC7E0A7C203732B3006111FA /* ViewController.h */,
				DC79E1A72058747000189B9A /* LaunchScreen.storyboard */,
				DC79E1A82058747100189B9A /* Main.storyboard */,
				DC7E0A82203732B3006111FA /* Assets.xcassets */,
				DC7E0A87203732B3006111FA /* Info.plist */,
				DC7E0A88203732B3006111FA /* main.m */,
			);
			name = Ocean;
			path = Example/Ocean;
			sourceTree = "<group>";
		};
		DC855701204FE9AB00189B9A /* App Identity */ = {
			isa = PBXGroup;
			children = (
				DCC8FA20202B218100EB6701 /* OCAppIdentity.m */,
				DCC8FA1F202B218100EB6701 /* OCAppIdentity.h */,
				DC7E0A6E2036F28B006111FA /* OCKeychain.m */,
				DC7E0A6D2036F28B006111FA /* OCKeychain.h */,
				DCEEB2EC2046E2B900189B9A /* OCCertificate.m */,
				DCEEB2EB2046E2B900189B9A /* OCCertificate.h */,
			);
			path = "App Identity";
			sourceTree = "<group>";
		};
		DC855702204FE9CA00189B9A /* Core */ = {
			isa = PBXGroup;
			children = (
				DCC8F9D8202854FB00EB6701 /* OCCore.m */,
				DCC8F9D7202854FB00EB6701 /* OCCore.h */,
				DC855704204FE9E900189B9A /* Activity */,
				DC855705204FE9F100189B9A /* Sync */,
			);
			path = Core;
			sourceTree = "<group>";
		};
		DC855704204FE9E900189B9A /* Activity */ = {
			isa = PBXGroup;
			children = (
				DC39DC58204215A800189B9A /* NSProgress+OCEvent.m */,
				DC39DC57204215A800189B9A /* NSProgress+OCEvent.h */,
			);
			path = Activity;
			sourceTree = "<group>";
		};
		DC855705204FE9F100189B9A /* Sync */ = {
			isa = PBXGroup;
			children = (
				DCC8FA24202B259D00EB6701 /* OCSyncRecord.m */,
				DCC8FA23202B259D00EB6701 /* OCSyncRecord.h */,
			);
			path = Sync;
			sourceTree = "<group>";
		};
		DC855706204FEA0A00189B9A /* Bookmark */ = {
			isa = PBXGroup;
			children = (
				DCC8F9E12028554E00EB6701 /* OCBookmark.m */,
				DCC8F9E02028554E00EB6701 /* OCBookmark.h */,
			);
			path = Bookmark;
			sourceTree = "<group>";
		};
		DC855707204FEA1500189B9A /* Authentication */ = {
			isa = PBXGroup;
			children = (
				DCC8F9FA2028586900EB6701 /* OCAuthenticationMethod.m */,
				DCC8F9F92028586900EB6701 /* OCAuthenticationMethod.h */,
				DCEEB2E42044B0A400189B9A /* OCAuthenticationMethod+OCTools.m */,
				DCEEB2E32044B0A400189B9A /* OCAuthenticationMethod+OCTools.h */,
				DC39DC452041A03300189B9A /* OCAuthenticationMethodBasicAuth.m */,
				DC39DC442041A03300189B9A /* OCAuthenticationMethodBasicAuth.h */,
				DCC8F9FE20285C1500EB6701 /* OCAuthenticationMethodOAuth2.m */,
				DCC8F9FD20285C1500EB6701 /* OCAuthenticationMethodOAuth2.h */,
			);
			path = Authentication;
			sourceTree = "<group>";
		};
		DC855708204FEA3400189B9A /* Connection */ = {
			isa = PBXGroup;
			children = (
				DCC8F9E52028556500EB6701 /* OCConnection.m */,
				DCC8F9E42028556500EB6701 /* OCConnection.h */,
				DC85570A204FEA5E00189B9A /* Categories */,
				DCEEB2F4204802CF00189B9A /* OCConnectionIssue.m */,
				DCEEB2F3204802CF00189B9A /* OCConnectionIssue.h */,
				DCC8FA142029EB9400EB6701 /* OCConnectionRequest.m */,
				DCC8FA132029EB9400EB6701 /* OCConnectionRequest.h */,
				DC8556EC204DEA2900189B9A /* OCConnectionDAVRequest.m */,
				DC8556EB204DEA2900189B9A /* OCConnectionDAVRequest.h */,
				DCC8FA28202B37B800EB6701 /* OCConnectionQueue.m */,
				DCC8FA27202B37B800EB6701 /* OCConnectionQueue.h */,
				DC39DC4F2041CA9B00189B9A /* OCConnection+OCConnectionQueue.h */,
			);
			path = Connection;
			sourceTree = "<group>";
		};
		DC85570A204FEA5E00189B9A /* Categories */ = {
			isa = PBXGroup;
			children = (
				DCDBEE322048A8BC00189B9A /* OCConnection+Authentication.m */,
				DCDBEE2A2048A6A700189B9A /* OCConnection+Setup.m */,
				DCDBEE2E2048A71200189B9A /* OCConnection+Tools.m */,
				DC30947220542FA500189B9A /* OCConnection+Users.m */,
			);
			name = Categories;
			sourceTree = "<group>";
		};
		DC85570D204FEAC500189B9A /* Events */ = {
			isa = PBXGroup;
			children = (
				DCC8FA2E202B405F00EB6701 /* OCEvent.m */,
				DCC8FA2D202B405F00EB6701 /* OCEvent.h */,
				DCC8FA32202B443D00EB6701 /* OCEventTarget.m */,
				DCC8FA31202B443D00EB6701 /* OCEventTarget.h */,
			);
			path = Events;
			sourceTree = "<group>";
		};
		DC85570E204FEAE900189B9A /* Vaults */ = {
			isa = PBXGroup;
			children = (
				DCC8FA022029BA7A00EB6701 /* OCVault.m */,
				DCC8FA012029BA7A00EB6701 /* OCVault.h */,
				DC85570F204FEAFC00189B9A /* Database */,
			);
			path = Vaults;
			sourceTree = "<group>";
		};
		DC85570F204FEAFC00189B9A /* Database */ = {
			isa = PBXGroup;
			children = (
				DCC8F9E92028557100EB6701 /* OCDatabase.m */,
				DCC8F9E82028557100EB6701 /* OCDatabase.h */,
				DCD3439920592EE100189B9A /* SQLite */,
			);
			path = Database;
			sourceTree = "<group>";
		};
		DC855710204FEB1500189B9A /* Query */ = {
			isa = PBXGroup;
			children = (
				DCC8F9ED2028558000EB6701 /* OCQuery.m */,
				DCC8F9EC2028558000EB6701 /* OCQuery.h */,
				DCC8FA0A2029C0BE00EB6701 /* OCQueryFilter.m */,
				DCC8FA092029C0BD00EB6701 /* OCQueryFilter.h */,
				DCC8FA0E2029C6A400EB6701 /* OCQueryChangeSet.m */,
				DCC8FA0D2029C6A400EB6701 /* OCQueryChangeSet.h */,
			);
			path = Query;
			sourceTree = "<group>";
		};
		DC855711204FEB5200189B9A /* Item */ = {
			isa = PBXGroup;
			children = (
				DCC8F9F12028559600EB6701 /* OCItem.m */,
				DCC8F9F02028559600EB6701 /* OCItem.h */,
			);
			path = Item;
			sourceTree = "<group>";
		};
		DC855712204FEB6B00189B9A /* Share */ = {
			isa = PBXGroup;
			children = (
				DCC8F9F5202855A200EB6701 /* OCShare.m */,
				DCC8F9F4202855A200EB6701 /* OCShare.h */,
				DC545E79203F7DD0006111FA /* OCUser.m */,
				DC545E78203F7DD0006111FA /* OCUser.h */,
			);
			path = Share;
			sourceTree = "<group>";
		};
		DC855713204FEB7F00189B9A /* Errors */ = {
			isa = PBXGroup;
			children = (
				DC39DC4A2041A2FB00189B9A /* NSError+OCError.m */,
				DC39DC492041A2FB00189B9A /* NSError+OCError.h */,
				DCEEB2E82046BC2600189B9A /* OCHTTPStatus.m */,
				DCEEB2E72046BC2600189B9A /* OCHTTPStatus.h */,
			);
			path = Errors;
			sourceTree = "<group>";
		};
		DC855715204FEB9800189B9A /* Foundation Categories */ = {
			isa = PBXGroup;
			children = (
				DCEEB2DB20430B1400189B9A /* NSURL+OCURLQueryParameterExtensions.m */,
				DCEEB2DA20430B1400189B9A /* NSURL+OCURLQueryParameterExtensions.h */,
				DCDBEE372049EF3C00189B9A /* NSURL+OCURLNormalization.m */,
				DCDBEE362049EF3B00189B9A /* NSURL+OCURLNormalization.h */,
				DCEEB2F02047094500189B9A /* NSData+OCHash.m */,
				DCEEB2EF2047094500189B9A /* NSData+OCHash.h */,
				DC66C6B320540DBD00189B9A /* NSDate+OCDateParser.m */,
				DC66C6B220540DBD00189B9A /* NSDate+OCDateParser.h */,
			);
			path = "Foundation Categories";
			sourceTree = "<group>";
		};
		DC855716204FEBAA00189B9A /* XML */ = {
			isa = PBXGroup;
			children = (
				DC85572620509F9C00189B9A /* Composition */,
				DC85572720509FA900189B9A /* Parsing */,
			);
			path = XML;
			sourceTree = "<group>";
		};
		DC855717204FEBC000189B9A /* Logging */ = {
			isa = PBXGroup;
			children = (
				DC8556F5204F361100189B9A /* OCLogger.m */,
				DC8556F4204F361100189B9A /* OCLogger.h */,
			);
			path = Logging;
			sourceTree = "<group>";
		};
		DC855718204FEBCC00189B9A /* Resources */ = {
			isa = PBXGroup;
			children = (
				DCC8F9AF202852A200EB6701 /* Info.plist */,
				DC3F2B4F204AED1900189B9A /* Localizable.strings */,
			);
			path = Resources;
			sourceTree = "<group>";
		};
		DC85572620509F9C00189B9A /* Composition */ = {
			isa = PBXGroup;
			children = (
				DC8556F0204DEB9200189B9A /* OCXMLNode.m */,
				DC8556EF204DEB9200189B9A /* OCXMLNode.h */,
			);
			path = Composition;
			sourceTree = "<group>";
		};
		DC85572720509FA900189B9A /* Parsing */ = {
			isa = PBXGroup;
			children = (
				DC8556FA204F4F3000189B9A /* OCXMLParser.m */,
				DC8556F9204F4F3000189B9A /* OCXMLParser.h */,
				DC8556FE204F597800189B9A /* OCXMLParserNode.m */,
				DC8556FD204F597800189B9A /* OCXMLParserNode.h */,
				DC85571B2050196000189B9A /* OCItem+OCXMLObjectCreation.m */,
				DC85571A2050196000189B9A /* OCItem+OCXMLObjectCreation.h */,
			);
			path = Parsing;
			sourceTree = "<group>";
		};
		DCC8F9A1202852A200EB6701 = {
			isa = PBXGroup;
			children = (
				DCC8F9C72028535B00EB6701 /* LICENSE */,
				DCC8F9C62028533000EB6701 /* README.md */,
				DC855719204FEC0A00189B9A /* doc */,
				DCC8F9AD202852A200EB6701 /* ownCloudSDK */,
				DC3094852057358800189B9A /* ownCloudUI */,
				DCC8F9B8202852A200EB6701 /* ownCloudSDKTests */,
				DC7E0A78203732B3006111FA /* Ocean */,
				DCC8F9AC202852A200EB6701 /* Products */,
				DCC8FA062029BB1100EB6701 /* Frameworks */,
			);
			sourceTree = "<group>";
		};
		DCC8F9AC202852A200EB6701 /* Products */ = {
			isa = PBXGroup;
			children = (
				DCC8F9AB202852A200EB6701 /* ownCloudSDK.framework */,
				DCC8F9B4202852A200EB6701 /* ownCloudSDKTests.xctest */,
				DC7E0A77203732B3006111FA /* Ocean.app */,
				DC3094842057358800189B9A /* ownCloudUI.framework */,
			);
			name = Products;
			sourceTree = "<group>";
		};
		DCC8F9AD202852A200EB6701 /* ownCloudSDK */ = {
			isa = PBXGroup;
			children = (
				DCC8F9AE202852A200EB6701 /* ownCloudSDK.h */,
				DCC8FA112029D5EC00EB6701 /* OCTypes.h */,
				DC3F2B50204AED8300189B9A /* OCMacros.h */,
				DC855702204FE9CA00189B9A /* Core */,
				DC855701204FE9AB00189B9A /* App Identity */,
				DC72E4262063D54F00189B9A /* Settings */,
				DC855706204FEA0A00189B9A /* Bookmark */,
				DC855707204FEA1500189B9A /* Authentication */,
				DC855708204FEA3400189B9A /* Connection */,
				DC85570D204FEAC500189B9A /* Events */,
				DC85570E204FEAE900189B9A /* Vaults */,
				DC855710204FEB1500189B9A /* Query */,
				DC855711204FEB5200189B9A /* Item */,
				DC855712204FEB6B00189B9A /* Share */,
				DC855713204FEB7F00189B9A /* Errors */,
				DC855715204FEB9800189B9A /* Foundation Categories */,
				DC855716204FEBAA00189B9A /* XML */,
				DC855717204FEBC000189B9A /* Logging */,
				DC855718204FEBCC00189B9A /* Resources */,
			);
			path = ownCloudSDK;
			sourceTree = "<group>";
		};
		DCC8F9B8202852A200EB6701 /* ownCloudSDKTests */ = {
			isa = PBXGroup;
			children = (
				DC72E41C2061666900189B9A /* Host Simulator */,
				DC39DC4D2041B53000189B9A /* AuthenticationTests.m */,
				DC7E0A712036F60C006111FA /* BookmarkTests.m */,
				DC30955C2057CFC000189B9A /* CertificateTests.m */,
				DCEEB2D42042312500189B9A /* ConnectionTests.m */,
				DC72E4202063BE9400189B9A /* HostSimulatorTests.m */,
				DCDBEE3B2049F3D100189B9A /* MiscTests.m */,
				DC72E4342063DF5C00189B9A /* SettingsTests.m */,
				DC72E4362063DF7700189B9A /* customSettings.plist */,
				DC30955E2057D18100189B9A /* fake-demo_owncloud_org.cer */,
				DCC8F9BB202852A200EB6701 /* Info.plist */,
			);
			path = ownCloudSDKTests;
			sourceTree = "<group>";
		};
		DCC8FA062029BB1100EB6701 /* Frameworks */ = {
			isa = PBXGroup;
			children = (
				DCC8FA072029BB1200EB6701 /* libsqlite3.tbd */,
			);
			name = Frameworks;
			sourceTree = "<group>";
		};
		DCD3439920592EE100189B9A /* SQLite */ = {
			isa = PBXGroup;
			children = (
				DCD3439620592EC500189B9A /* OCDatabaseSQLite.m */,
				DCD3439520592EC500189B9A /* OCDatabaseSQLite.h */,
				DCD3439B2059319C00189B9A /* OCSQLiteDB.m */,
				DCD3439A2059319C00189B9A /* OCSQLiteDB.h */,
			);
			path = SQLite;
			sourceTree = "<group>";
		};
/* End PBXGroup section */

/* Begin PBXHeadersBuildPhase section */
		DC3094812057358800189B9A /* Headers */ = {
			isa = PBXHeadersBuildPhase;
			buildActionMask = 2147483647;
			files = (
				DC79E1AD205888F800189B9A /* OCCertificateDetailsViewNode.h in Headers */,
				DC30956220580D5F00189B9A /* OCCertificateViewController.h in Headers */,
				DC3094882057358800189B9A /* ownCloudUI.h in Headers */,
				DC30955220574C2C00189B9A /* OCCertificate+OpenSSL.h in Headers */,
			);
			runOnlyForDeploymentPostprocessing = 0;
		};
		DCC8F9A8202852A200EB6701 /* Headers */ = {
			isa = PBXHeadersBuildPhase;
			buildActionMask = 2147483647;
			files = (
				DC72568020405752006111FA /* OCClassSettings.h in Headers */,
				DC39DC59204215A800189B9A /* NSProgress+OCEvent.h in Headers */,
				DCC8F9BC202852A200EB6701 /* ownCloudSDK.h in Headers */,
				DC8556FB204F4F3000189B9A /* OCXMLParser.h in Headers */,
				DC72E4322063DD7600189B9A /* OCClassSettingsFlatSourcePropertyList.h in Headers */,
				DCEEB2F12047094500189B9A /* NSData+OCHash.h in Headers */,
				DC72E4292063D61F00189B9A /* OCClassSettingsFlatSource.h in Headers */,
				DCC8F9FF20285C1500EB6701 /* OCAuthenticationMethodOAuth2.h in Headers */,
				DC545E7A203F7DD0006111FA /* OCUser.h in Headers */,
				DC8556ED204DEA2900189B9A /* OCConnectionDAVRequest.h in Headers */,
				DCEEB2F5204802CF00189B9A /* OCConnectionIssue.h in Headers */,
				DCC8FA21202B218100EB6701 /* OCAppIdentity.h in Headers */,
				DC8556F6204F361100189B9A /* OCLogger.h in Headers */,
				DCC8FA0F2029C6A400EB6701 /* OCQueryChangeSet.h in Headers */,
				DCC8F9D9202854FB00EB6701 /* OCCore.h in Headers */,
				DCC8FA33202B443D00EB6701 /* OCEventTarget.h in Headers */,
				DCC8F9E62028556500EB6701 /* OCConnection.h in Headers */,
				DCD3439C2059319C00189B9A /* OCSQLiteDB.h in Headers */,
				DCC8FA25202B259D00EB6701 /* OCSyncRecord.h in Headers */,
				DCC8F9F6202855A200EB6701 /* OCShare.h in Headers */,
				DCEEB2D82042F84B00189B9A /* NSObject+OCClassSettings.h in Headers */,
				DCC8FA152029EB9400EB6701 /* OCConnectionRequest.h in Headers */,
				DC39DC512041CA9B00189B9A /* OCConnection+OCConnectionQueue.h in Headers */,
				DC7E0A6F2036F28B006111FA /* OCKeychain.h in Headers */,
				DCC8FA122029D5EC00EB6701 /* OCTypes.h in Headers */,
				DCC8F9E22028554E00EB6701 /* OCBookmark.h in Headers */,
				DCEEB2E52044B0A400189B9A /* OCAuthenticationMethod+OCTools.h in Headers */,
				DC39DC462041A03300189B9A /* OCAuthenticationMethodBasicAuth.h in Headers */,
				DC85571C2050196000189B9A /* OCItem+OCXMLObjectCreation.h in Headers */,
				DCEEB2DC20430B1400189B9A /* NSURL+OCURLQueryParameterExtensions.h in Headers */,
				DCC8FA29202B37B800EB6701 /* OCConnectionQueue.h in Headers */,
				DCC8FA0B2029C0BE00EB6701 /* OCQueryFilter.h in Headers */,
				DCC8F9EE2028558000EB6701 /* OCQuery.h in Headers */,
				DC66C6B420540DBD00189B9A /* NSDate+OCDateParser.h in Headers */,
				DC8556FF204F597800189B9A /* OCXMLParserNode.h in Headers */,
				DCC8F9FB2028586900EB6701 /* OCAuthenticationMethod.h in Headers */,
				DC3F2B51204AED8400189B9A /* OCMacros.h in Headers */,
				DCC8FA2F202B405F00EB6701 /* OCEvent.h in Headers */,
				DCEEB2ED2046E2B900189B9A /* OCCertificate.h in Headers */,
				DCEEB2E92046BC2600189B9A /* OCHTTPStatus.h in Headers */,
				DCDBEE382049EF3C00189B9A /* NSURL+OCURLNormalization.h in Headers */,
				DC72E42E2063DBF900189B9A /* OCClassSettingsFlatSourceManagedConfiguration.h in Headers */,
				DCC8FA032029BA7A00EB6701 /* OCVault.h in Headers */,
				DC8556F1204DEB9200189B9A /* OCXMLNode.h in Headers */,
				DC39DC4B2041A2FB00189B9A /* NSError+OCError.h in Headers */,
				DCD3439720592EC500189B9A /* OCDatabaseSQLite.h in Headers */,
				DCC8F9EA2028557100EB6701 /* OCDatabase.h in Headers */,
				DCC8F9F22028559600EB6701 /* OCItem.h in Headers */,
			);
			runOnlyForDeploymentPostprocessing = 0;
		};
/* End PBXHeadersBuildPhase section */

/* Begin PBXNativeTarget section */
		DC3094832057358800189B9A /* ownCloudUI */ = {
			isa = PBXNativeTarget;
			buildConfigurationList = DC30948F2057358800189B9A /* Build configuration list for PBXNativeTarget "ownCloudUI" */;
			buildPhases = (
				DC30947F2057358800189B9A /* Sources */,
				DC3094802057358800189B9A /* Frameworks */,
				DC3094812057358800189B9A /* Headers */,
				DC3094822057358800189B9A /* Resources */,
			);
			buildRules = (
			);
			dependencies = (
				DC30954A20574BD900189B9A /* PBXTargetDependency */,
				DC309491205735BD00189B9A /* PBXTargetDependency */,
			);
			name = ownCloudUI;
			productName = ownCloudUI;
			productReference = DC3094842057358800189B9A /* ownCloudUI.framework */;
			productType = "com.apple.product-type.framework";
		};
		DC7E0A76203732B3006111FA /* Ocean */ = {
			isa = PBXNativeTarget;
			buildConfigurationList = DC7E0A8A203732B3006111FA /* Build configuration list for PBXNativeTarget "Ocean" */;
			buildPhases = (
				DC7E0A73203732B3006111FA /* Sources */,
				DC7E0A74203732B3006111FA /* Frameworks */,
				DC7E0A75203732B3006111FA /* Resources */,
				DCEEB2E12044065500189B9A /* CopyFiles */,
			);
			buildRules = (
			);
			dependencies = (
				DC30954D20574BE900189B9A /* PBXTargetDependency */,
				DCEEB2DF2044064C00189B9A /* PBXTargetDependency */,
				DC30948A2057358800189B9A /* PBXTargetDependency */,
			);
			name = Ocean;
			productName = Ocean;
			productReference = DC7E0A77203732B3006111FA /* Ocean.app */;
			productType = "com.apple.product-type.application";
		};
		DCC8F9AA202852A200EB6701 /* ownCloudSDK */ = {
			isa = PBXNativeTarget;
			buildConfigurationList = DCC8F9BF202852A200EB6701 /* Build configuration list for PBXNativeTarget "ownCloudSDK" */;
			buildPhases = (
				DCC8F9A6202852A200EB6701 /* Sources */,
				DCC8F9A7202852A200EB6701 /* Frameworks */,
				DCC8F9A8202852A200EB6701 /* Headers */,
				DCC8F9A9202852A200EB6701 /* Resources */,
			);
			buildRules = (
			);
			dependencies = (
			);
			name = ownCloudSDK;
			productName = ownCloudSDK;
			productReference = DCC8F9AB202852A200EB6701 /* ownCloudSDK.framework */;
			productType = "com.apple.product-type.framework";
		};
		DCC8F9B3202852A200EB6701 /* ownCloudSDKTests */ = {
			isa = PBXNativeTarget;
			buildConfigurationList = DCC8F9C2202852A200EB6701 /* Build configuration list for PBXNativeTarget "ownCloudSDKTests" */;
			buildPhases = (
				DCC8F9B0202852A200EB6701 /* Sources */,
				DCC8F9B1202852A200EB6701 /* Frameworks */,
				DCC8F9B2202852A200EB6701 /* Resources */,
			);
			buildRules = (
			);
			dependencies = (
				DC3095572057CF2500189B9A /* PBXTargetDependency */,
				DC3095592057CF2500189B9A /* PBXTargetDependency */,
				DCC8F9B7202852A200EB6701 /* PBXTargetDependency */,
				DC7E0A8E203732D6006111FA /* PBXTargetDependency */,
			);
			name = ownCloudSDKTests;
			productName = ownCloudSDKTests;
			productReference = DCC8F9B4202852A200EB6701 /* ownCloudSDKTests.xctest */;
			productType = "com.apple.product-type.bundle.unit-test";
		};
/* End PBXNativeTarget section */

/* Begin PBXProject section */
		DCC8F9A2202852A200EB6701 /* Project object */ = {
			isa = PBXProject;
			attributes = {
				LastUpgradeCheck = 0920;
				ORGANIZATIONNAME = "ownCloud GmbH";
				TargetAttributes = {
					DC3094832057358800189B9A = {
						CreatedOnToolsVersion = 9.2;
						ProvisioningStyle = Automatic;
					};
					DC7E0A76203732B3006111FA = {
						CreatedOnToolsVersion = 9.2;
						ProvisioningStyle = Automatic;
					};
					DCC8F9AA202852A200EB6701 = {
						CreatedOnToolsVersion = 9.2;
						ProvisioningStyle = Automatic;
					};
					DCC8F9B3202852A200EB6701 = {
						CreatedOnToolsVersion = 9.2;
						ProvisioningStyle = Automatic;
						TestTargetID = DC7E0A76203732B3006111FA;
					};
				};
			};
			buildConfigurationList = DCC8F9A5202852A200EB6701 /* Build configuration list for PBXProject "ownCloudSDK" */;
			compatibilityVersion = "Xcode 8.0";
			developmentRegion = en;
			hasScannedForEncodings = 0;
			knownRegions = (
				en,
			);
			mainGroup = DCC8F9A1202852A200EB6701;
			productRefGroup = DCC8F9AC202852A200EB6701 /* Products */;
			projectDirPath = "";
			projectReferences = (
				{
					ProductGroup = DC30954420574BC900189B9A /* Products */;
					ProjectRef = DC30954320574BC900189B9A /* openssl.xcodeproj */;
				},
			);
			projectRoot = "";
			targets = (
				DCC8F9AA202852A200EB6701 /* ownCloudSDK */,
				DCC8F9B3202852A200EB6701 /* ownCloudSDKTests */,
				DC3094832057358800189B9A /* ownCloudUI */,
				DC7E0A76203732B3006111FA /* Ocean */,
			);
		};
/* End PBXProject section */

/* Begin PBXReferenceProxy section */
		DC30954820574BC900189B9A /* openssl.framework */ = {
			isa = PBXReferenceProxy;
			fileType = wrapper.framework;
			path = openssl.framework;
			remoteRef = DC30954720574BC900189B9A /* PBXContainerItemProxy */;
			sourceTree = BUILT_PRODUCTS_DIR;
		};
/* End PBXReferenceProxy section */

/* Begin PBXResourcesBuildPhase section */
		DC3094822057358800189B9A /* Resources */ = {
			isa = PBXResourcesBuildPhase;
			buildActionMask = 2147483647;
			files = (
				DC79E1A42058725700189B9A /* Localizable.strings in Resources */,
			);
			runOnlyForDeploymentPostprocessing = 0;
		};
		DC7E0A75203732B3006111FA /* Resources */ = {
			isa = PBXResourcesBuildPhase;
			buildActionMask = 2147483647;
			files = (
				DC79E1AA2058747100189B9A /* Main.storyboard in Resources */,
				DC7E0A83203732B3006111FA /* Assets.xcassets in Resources */,
				DC79E1A92058747100189B9A /* LaunchScreen.storyboard in Resources */,
			);
			runOnlyForDeploymentPostprocessing = 0;
		};
		DCC8F9A9202852A200EB6701 /* Resources */ = {
			isa = PBXResourcesBuildPhase;
			buildActionMask = 2147483647;
			files = (
				DCC8F9CA202853B300EB6701 /* LICENSE in Resources */,
				DC3F2B4D204AED1900189B9A /* Localizable.strings in Resources */,
			);
			runOnlyForDeploymentPostprocessing = 0;
		};
		DCC8F9B2202852A200EB6701 /* Resources */ = {
			isa = PBXResourcesBuildPhase;
			buildActionMask = 2147483647;
			files = (
				DC72E4372063DF7700189B9A /* customSettings.plist in Resources */,
				DC30955F2057D18100189B9A /* fake-demo_owncloud_org.cer in Resources */,
			);
			runOnlyForDeploymentPostprocessing = 0;
		};
/* End PBXResourcesBuildPhase section */

/* Begin PBXSourcesBuildPhase section */
		DC30947F2057358800189B9A /* Sources */ = {
			isa = PBXSourcesBuildPhase;
			buildActionMask = 2147483647;
			files = (
				DC30956320580D5F00189B9A /* OCCertificateViewController.m in Sources */,
				DC30955320574C2C00189B9A /* OCCertificate+OpenSSL.m in Sources */,
				DC79E1AE205888F800189B9A /* OCCertificateDetailsViewNode.m in Sources */,
			);
			runOnlyForDeploymentPostprocessing = 0;
		};
		DC7E0A73203732B3006111FA /* Sources */ = {
			isa = PBXSourcesBuildPhase;
			buildActionMask = 2147483647;
			files = (
				DC7E0A7E203732B3006111FA /* ViewController.m in Sources */,
				DC7E0A89203732B3006111FA /* main.m in Sources */,
				DC7E0A7B203732B3006111FA /* AppDelegate.m in Sources */,
			);
			runOnlyForDeploymentPostprocessing = 0;
		};
		DCC8F9A6202852A200EB6701 /* Sources */ = {
			isa = PBXSourcesBuildPhase;
			buildActionMask = 2147483647;
			files = (
				DCEEB2F22047094500189B9A /* NSData+OCHash.m in Sources */,
				DC72E4332063DD7600189B9A /* OCClassSettingsFlatSourcePropertyList.m in Sources */,
				DCDBEE302048A71200189B9A /* OCConnection+Tools.m in Sources */,
				DCC8F9EF2028558000EB6701 /* OCQuery.m in Sources */,
				DCC8FA042029BA7A00EB6701 /* OCVault.m in Sources */,
				DC39DC5A204215A800189B9A /* NSProgress+OCEvent.m in Sources */,
				DC30947420542FA500189B9A /* OCConnection+Users.m in Sources */,
				DCD3439820592EC500189B9A /* OCDatabaseSQLite.m in Sources */,
				DC8556EE204DEA2900189B9A /* OCConnectionDAVRequest.m in Sources */,
				DCC8FA0020285C1500EB6701 /* OCAuthenticationMethodOAuth2.m in Sources */,
				DC8556FC204F4F3000189B9A /* OCXMLParser.m in Sources */,
				DCC8FA102029C6A400EB6701 /* OCQueryChangeSet.m in Sources */,
				DC855700204F597800189B9A /* OCXMLParserNode.m in Sources */,
				DCEEB2D92042F84B00189B9A /* NSObject+OCClassSettings.m in Sources */,
				DCC8FA26202B259D00EB6701 /* OCSyncRecord.m in Sources */,
				DCEEB2EA2046BC2600189B9A /* OCHTTPStatus.m in Sources */,
				DCEEB2DD20430B1400189B9A /* NSURL+OCURLQueryParameterExtensions.m in Sources */,
				DCC8F9F7202855A200EB6701 /* OCShare.m in Sources */,
				DC39DC472041A03300189B9A /* OCAuthenticationMethodBasicAuth.m in Sources */,
				DCC8FA0C2029C0BE00EB6701 /* OCQueryFilter.m in Sources */,
				DCDBEE2C2048A6A800189B9A /* OCConnection+Setup.m in Sources */,
				DC72E42A2063D61F00189B9A /* OCClassSettingsFlatSource.m in Sources */,
				DCC8FA2A202B37B800EB6701 /* OCConnectionQueue.m in Sources */,
				DC72568120405752006111FA /* OCClassSettings.m in Sources */,
				DCC8FA30202B405F00EB6701 /* OCEvent.m in Sources */,
				DCC8FA22202B218100EB6701 /* OCAppIdentity.m in Sources */,
				DCEEB2EE2046E2B900189B9A /* OCCertificate.m in Sources */,
				DCD3439D2059319C00189B9A /* OCSQLiteDB.m in Sources */,
				DCDBEE392049EF3C00189B9A /* NSURL+OCURLNormalization.m in Sources */,
				DCC8F9DA202854FB00EB6701 /* OCCore.m in Sources */,
				DCC8F9EB2028557100EB6701 /* OCDatabase.m in Sources */,
				DC545E7B203F7DD0006111FA /* OCUser.m in Sources */,
				DC85571D2050196000189B9A /* OCItem+OCXMLObjectCreation.m in Sources */,
				DC7E0A702036F28B006111FA /* OCKeychain.m in Sources */,
				DCEEB2F6204802CF00189B9A /* OCConnectionIssue.m in Sources */,
				DCEEB2E62044B0A400189B9A /* OCAuthenticationMethod+OCTools.m in Sources */,
				DCC8F9E32028554E00EB6701 /* OCBookmark.m in Sources */,
				DCDBEE342048A8BC00189B9A /* OCConnection+Authentication.m in Sources */,
				DC8556F2204DEB9200189B9A /* OCXMLNode.m in Sources */,
				DCC8F9E72028556500EB6701 /* OCConnection.m in Sources */,
				DCC8F9FC2028586900EB6701 /* OCAuthenticationMethod.m in Sources */,
				DC8556F7204F361100189B9A /* OCLogger.m in Sources */,
				DCC8FA34202B443D00EB6701 /* OCEventTarget.m in Sources */,
				DCC8F9F32028559600EB6701 /* OCItem.m in Sources */,
				DC72E42F2063DBF900189B9A /* OCClassSettingsFlatSourceManagedConfiguration.m in Sources */,
				DC66C6B520540DBD00189B9A /* NSDate+OCDateParser.m in Sources */,
				DC39DC4C2041A2FB00189B9A /* NSError+OCError.m in Sources */,
				DCC8FA162029EB9400EB6701 /* OCConnectionRequest.m in Sources */,
			);
			runOnlyForDeploymentPostprocessing = 0;
		};
		DCC8F9B0202852A200EB6701 /* Sources */ = {
			isa = PBXSourcesBuildPhase;
			buildActionMask = 2147483647;
			files = (
				DC72E4212063BE9400189B9A /* HostSimulatorTests.m in Sources */,
				DC7E0A8F20373381006111FA /* BookmarkTests.m in Sources */,
				DC72E4352063DF5C00189B9A /* SettingsTests.m in Sources */,
				DCDBEE3C2049F3D100189B9A /* MiscTests.m in Sources */,
				DC30955D2057CFC000189B9A /* CertificateTests.m in Sources */,
				DC72E41F206166C500189B9A /* OCHostSimulatorResponse.m in Sources */,
				DC39DC4E2041B53000189B9A /* AuthenticationTests.m in Sources */,
				DC72E41B2061665D00189B9A /* OCHostSimulator.m in Sources */,
				DCEEB2D52042312500189B9A /* ConnectionTests.m in Sources */,
			);
			runOnlyForDeploymentPostprocessing = 0;
		};
/* End PBXSourcesBuildPhase section */

/* Begin PBXTargetDependency section */
		DC30948A2057358800189B9A /* PBXTargetDependency */ = {
			isa = PBXTargetDependency;
			target = DC3094832057358800189B9A /* ownCloudUI */;
			targetProxy = DC3094892057358800189B9A /* PBXContainerItemProxy */;
		};
		DC309491205735BD00189B9A /* PBXTargetDependency */ = {
			isa = PBXTargetDependency;
			target = DCC8F9AA202852A200EB6701 /* ownCloudSDK */;
			targetProxy = DC309490205735BD00189B9A /* PBXContainerItemProxy */;
		};
		DC30954A20574BD900189B9A /* PBXTargetDependency */ = {
			isa = PBXTargetDependency;
			name = openssl;
			targetProxy = DC30954920574BD900189B9A /* PBXContainerItemProxy */;
		};
		DC30954D20574BE900189B9A /* PBXTargetDependency */ = {
			isa = PBXTargetDependency;
			name = openssl;
			targetProxy = DC30954C20574BE900189B9A /* PBXContainerItemProxy */;
		};
		DC3095572057CF2500189B9A /* PBXTargetDependency */ = {
			isa = PBXTargetDependency;
			target = DC3094832057358800189B9A /* ownCloudUI */;
			targetProxy = DC3095562057CF2500189B9A /* PBXContainerItemProxy */;
		};
		DC3095592057CF2500189B9A /* PBXTargetDependency */ = {
			isa = PBXTargetDependency;
			name = openssl;
			targetProxy = DC3095582057CF2500189B9A /* PBXContainerItemProxy */;
		};
		DC7E0A8E203732D6006111FA /* PBXTargetDependency */ = {
			isa = PBXTargetDependency;
			target = DC7E0A76203732B3006111FA /* Ocean */;
			targetProxy = DC7E0A8D203732D6006111FA /* PBXContainerItemProxy */;
		};
		DCC8F9B7202852A200EB6701 /* PBXTargetDependency */ = {
			isa = PBXTargetDependency;
			target = DCC8F9AA202852A200EB6701 /* ownCloudSDK */;
			targetProxy = DCC8F9B6202852A200EB6701 /* PBXContainerItemProxy */;
		};
		DCEEB2DF2044064C00189B9A /* PBXTargetDependency */ = {
			isa = PBXTargetDependency;
			target = DCC8F9AA202852A200EB6701 /* ownCloudSDK */;
			targetProxy = DCEEB2DE2044064C00189B9A /* PBXContainerItemProxy */;
		};
/* End PBXTargetDependency section */

/* Begin PBXVariantGroup section */
		DC3F2B4F204AED1900189B9A /* Localizable.strings */ = {
			isa = PBXVariantGroup;
			children = (
				DC3F2B4E204AED1900189B9A /* en */,
			);
			name = Localizable.strings;
			sourceTree = "<group>";
		};
		DC79E1A62058725700189B9A /* Localizable.strings */ = {
			isa = PBXVariantGroup;
			children = (
				DC79E1A52058725700189B9A /* en */,
			);
			name = Localizable.strings;
			sourceTree = "<group>";
		};
/* End PBXVariantGroup section */

/* Begin XCBuildConfiguration section */
		DC30948D2057358800189B9A /* Debug */ = {
			isa = XCBuildConfiguration;
			buildSettings = {
				CLANG_WARN_DOCUMENTATION_COMMENTS = NO;
				CODE_SIGN_IDENTITY = "";
				CODE_SIGN_STYLE = Automatic;
				DEFINES_MODULE = YES;
				DEVELOPMENT_TEAM = UH96K9N25C;
				DYLIB_COMPATIBILITY_VERSION = 1;
				DYLIB_CURRENT_VERSION = 1;
				DYLIB_INSTALL_NAME_BASE = "@rpath";
				INFOPLIST_FILE = ownCloudUI/Info.plist;
				INSTALL_PATH = "$(LOCAL_LIBRARY_DIR)/Frameworks";
				LD_RUNPATH_SEARCH_PATHS = "$(inherited) @executable_path/Frameworks @loader_path/Frameworks";
				PRODUCT_BUNDLE_IDENTIFIER = com.owncloud.ownCloudUI;
				PRODUCT_NAME = "$(TARGET_NAME:c99extidentifier)";
				SKIP_INSTALL = YES;
				TARGETED_DEVICE_FAMILY = "1,2";
			};
			name = Debug;
		};
		DC30948E2057358800189B9A /* Release */ = {
			isa = XCBuildConfiguration;
			buildSettings = {
				CLANG_WARN_DOCUMENTATION_COMMENTS = NO;
				CODE_SIGN_IDENTITY = "";
				CODE_SIGN_STYLE = Automatic;
				DEFINES_MODULE = YES;
				DEVELOPMENT_TEAM = UH96K9N25C;
				DYLIB_COMPATIBILITY_VERSION = 1;
				DYLIB_CURRENT_VERSION = 1;
				DYLIB_INSTALL_NAME_BASE = "@rpath";
				INFOPLIST_FILE = ownCloudUI/Info.plist;
				INSTALL_PATH = "$(LOCAL_LIBRARY_DIR)/Frameworks";
				LD_RUNPATH_SEARCH_PATHS = "$(inherited) @executable_path/Frameworks @loader_path/Frameworks";
				PRODUCT_BUNDLE_IDENTIFIER = com.owncloud.ownCloudUI;
				PRODUCT_NAME = "$(TARGET_NAME:c99extidentifier)";
				SKIP_INSTALL = YES;
				TARGETED_DEVICE_FAMILY = "1,2";
			};
			name = Release;
		};
		DC7E0A8B203732B3006111FA /* Debug */ = {
			isa = XCBuildConfiguration;
			buildSettings = {
				ASSETCATALOG_COMPILER_APPICON_NAME = AppIcon;
				CODE_SIGN_STYLE = Automatic;
				DEVELOPMENT_TEAM = UH96K9N25C;
				INFOPLIST_FILE = Example/Ocean/Info.plist;
				LD_RUNPATH_SEARCH_PATHS = "$(inherited) @executable_path/Frameworks";
				PRODUCT_BUNDLE_IDENTIFIER = com.owncloud.Ocean;
				PRODUCT_NAME = "$(TARGET_NAME)";
				TARGETED_DEVICE_FAMILY = "1,2";
			};
			name = Debug;
		};
		DC7E0A8C203732B3006111FA /* Release */ = {
			isa = XCBuildConfiguration;
			buildSettings = {
				ASSETCATALOG_COMPILER_APPICON_NAME = AppIcon;
				CODE_SIGN_STYLE = Automatic;
				DEVELOPMENT_TEAM = UH96K9N25C;
				INFOPLIST_FILE = Example/Ocean/Info.plist;
				LD_RUNPATH_SEARCH_PATHS = "$(inherited) @executable_path/Frameworks";
				PRODUCT_BUNDLE_IDENTIFIER = com.owncloud.Ocean;
				PRODUCT_NAME = "$(TARGET_NAME)";
				TARGETED_DEVICE_FAMILY = "1,2";
			};
			name = Release;
		};
		DCC8F9BD202852A200EB6701 /* Debug */ = {
			isa = XCBuildConfiguration;
			buildSettings = {
				ALWAYS_SEARCH_USER_PATHS = NO;
				CLANG_ANALYZER_NONNULL = YES;
				CLANG_ANALYZER_NUMBER_OBJECT_CONVERSION = YES_AGGRESSIVE;
				CLANG_CXX_LANGUAGE_STANDARD = "gnu++14";
				CLANG_CXX_LIBRARY = "libc++";
				CLANG_ENABLE_MODULES = YES;
				CLANG_ENABLE_OBJC_ARC = YES;
				CLANG_WARN_BLOCK_CAPTURE_AUTORELEASING = YES;
				CLANG_WARN_BOOL_CONVERSION = YES;
				CLANG_WARN_COMMA = YES;
				CLANG_WARN_CONSTANT_CONVERSION = YES;
				CLANG_WARN_DIRECT_OBJC_ISA_USAGE = YES_ERROR;
				CLANG_WARN_DOCUMENTATION_COMMENTS = YES;
				CLANG_WARN_EMPTY_BODY = YES;
				CLANG_WARN_ENUM_CONVERSION = YES;
				CLANG_WARN_INFINITE_RECURSION = YES;
				CLANG_WARN_INT_CONVERSION = YES;
				CLANG_WARN_NON_LITERAL_NULL_CONVERSION = YES;
				CLANG_WARN_OBJC_LITERAL_CONVERSION = YES;
				CLANG_WARN_OBJC_ROOT_CLASS = YES_ERROR;
				CLANG_WARN_RANGE_LOOP_ANALYSIS = YES;
				CLANG_WARN_STRICT_PROTOTYPES = YES;
				CLANG_WARN_SUSPICIOUS_MOVE = YES;
				CLANG_WARN_UNGUARDED_AVAILABILITY = YES_AGGRESSIVE;
				CLANG_WARN_UNREACHABLE_CODE = YES;
				CLANG_WARN__DUPLICATE_METHOD_MATCH = YES;
				CODE_SIGN_IDENTITY = "iPhone Developer";
				COPY_PHASE_STRIP = NO;
				CURRENT_PROJECT_VERSION = 1;
				DEBUG_INFORMATION_FORMAT = dwarf;
				ENABLE_STRICT_OBJC_MSGSEND = YES;
				ENABLE_TESTABILITY = YES;
				GCC_C_LANGUAGE_STANDARD = gnu11;
				GCC_DYNAMIC_NO_PIC = NO;
				GCC_NO_COMMON_BLOCKS = YES;
				GCC_OPTIMIZATION_LEVEL = 0;
				GCC_PREPROCESSOR_DEFINITIONS = (
					"DEBUG=1",
					"$(inherited)",
				);
				GCC_WARN_64_TO_32_BIT_CONVERSION = YES;
				GCC_WARN_ABOUT_RETURN_TYPE = YES_ERROR;
				GCC_WARN_UNDECLARED_SELECTOR = YES;
				GCC_WARN_UNINITIALIZED_AUTOS = YES_AGGRESSIVE;
				GCC_WARN_UNUSED_FUNCTION = YES;
				GCC_WARN_UNUSED_VARIABLE = YES;
				IPHONEOS_DEPLOYMENT_TARGET = 11.2;
				MTL_ENABLE_DEBUG_INFO = YES;
				ONLY_ACTIVE_ARCH = YES;
				SDKROOT = iphoneos;
				VERSIONING_SYSTEM = "apple-generic";
				VERSION_INFO_PREFIX = "";
			};
			name = Debug;
		};
		DCC8F9BE202852A200EB6701 /* Release */ = {
			isa = XCBuildConfiguration;
			buildSettings = {
				ALWAYS_SEARCH_USER_PATHS = NO;
				CLANG_ANALYZER_NONNULL = YES;
				CLANG_ANALYZER_NUMBER_OBJECT_CONVERSION = YES_AGGRESSIVE;
				CLANG_CXX_LANGUAGE_STANDARD = "gnu++14";
				CLANG_CXX_LIBRARY = "libc++";
				CLANG_ENABLE_MODULES = YES;
				CLANG_ENABLE_OBJC_ARC = YES;
				CLANG_WARN_BLOCK_CAPTURE_AUTORELEASING = YES;
				CLANG_WARN_BOOL_CONVERSION = YES;
				CLANG_WARN_COMMA = YES;
				CLANG_WARN_CONSTANT_CONVERSION = YES;
				CLANG_WARN_DIRECT_OBJC_ISA_USAGE = YES_ERROR;
				CLANG_WARN_DOCUMENTATION_COMMENTS = YES;
				CLANG_WARN_EMPTY_BODY = YES;
				CLANG_WARN_ENUM_CONVERSION = YES;
				CLANG_WARN_INFINITE_RECURSION = YES;
				CLANG_WARN_INT_CONVERSION = YES;
				CLANG_WARN_NON_LITERAL_NULL_CONVERSION = YES;
				CLANG_WARN_OBJC_LITERAL_CONVERSION = YES;
				CLANG_WARN_OBJC_ROOT_CLASS = YES_ERROR;
				CLANG_WARN_RANGE_LOOP_ANALYSIS = YES;
				CLANG_WARN_STRICT_PROTOTYPES = YES;
				CLANG_WARN_SUSPICIOUS_MOVE = YES;
				CLANG_WARN_UNGUARDED_AVAILABILITY = YES_AGGRESSIVE;
				CLANG_WARN_UNREACHABLE_CODE = YES;
				CLANG_WARN__DUPLICATE_METHOD_MATCH = YES;
				CODE_SIGN_IDENTITY = "iPhone Developer";
				COPY_PHASE_STRIP = NO;
				CURRENT_PROJECT_VERSION = 1;
				DEBUG_INFORMATION_FORMAT = "dwarf-with-dsym";
				ENABLE_NS_ASSERTIONS = NO;
				ENABLE_STRICT_OBJC_MSGSEND = YES;
				GCC_C_LANGUAGE_STANDARD = gnu11;
				GCC_NO_COMMON_BLOCKS = YES;
				GCC_WARN_64_TO_32_BIT_CONVERSION = YES;
				GCC_WARN_ABOUT_RETURN_TYPE = YES_ERROR;
				GCC_WARN_UNDECLARED_SELECTOR = YES;
				GCC_WARN_UNINITIALIZED_AUTOS = YES_AGGRESSIVE;
				GCC_WARN_UNUSED_FUNCTION = YES;
				GCC_WARN_UNUSED_VARIABLE = YES;
				IPHONEOS_DEPLOYMENT_TARGET = 11.2;
				MTL_ENABLE_DEBUG_INFO = NO;
				SDKROOT = iphoneos;
				VALIDATE_PRODUCT = YES;
				VERSIONING_SYSTEM = "apple-generic";
				VERSION_INFO_PREFIX = "";
			};
			name = Release;
		};
		DCC8F9C0202852A200EB6701 /* Debug */ = {
			isa = XCBuildConfiguration;
			buildSettings = {
				CODE_SIGN_IDENTITY = "";
				"CODE_SIGN_IDENTITY[sdk=iphoneos*]" = "iPhone Developer";
				CODE_SIGN_STYLE = Automatic;
				DEFINES_MODULE = YES;
				DEVELOPMENT_TEAM = "";
				DYLIB_COMPATIBILITY_VERSION = 1;
				DYLIB_CURRENT_VERSION = 1;
				DYLIB_INSTALL_NAME_BASE = "@rpath";
				INFOPLIST_FILE = ownCloudSDK/Resources/Info.plist;
				INSTALL_PATH = "$(LOCAL_LIBRARY_DIR)/Frameworks";
				LD_RUNPATH_SEARCH_PATHS = "$(inherited) @executable_path/Frameworks @loader_path/Frameworks";
				PRODUCT_BUNDLE_IDENTIFIER = com.owncloud.ownCloudSDK;
				PRODUCT_NAME = "$(TARGET_NAME:c99extidentifier)";
				SKIP_INSTALL = YES;
				TARGETED_DEVICE_FAMILY = "1,2";
			};
			name = Debug;
		};
		DCC8F9C1202852A200EB6701 /* Release */ = {
			isa = XCBuildConfiguration;
			buildSettings = {
				CODE_SIGN_IDENTITY = "";
				CODE_SIGN_STYLE = Automatic;
				DEFINES_MODULE = YES;
				DEVELOPMENT_TEAM = "";
				DYLIB_COMPATIBILITY_VERSION = 1;
				DYLIB_CURRENT_VERSION = 1;
				DYLIB_INSTALL_NAME_BASE = "@rpath";
				INFOPLIST_FILE = ownCloudSDK/Resources/Info.plist;
				INSTALL_PATH = "$(LOCAL_LIBRARY_DIR)/Frameworks";
				LD_RUNPATH_SEARCH_PATHS = "$(inherited) @executable_path/Frameworks @loader_path/Frameworks";
				PRODUCT_BUNDLE_IDENTIFIER = com.owncloud.ownCloudSDK;
				PRODUCT_NAME = "$(TARGET_NAME:c99extidentifier)";
				SKIP_INSTALL = YES;
				TARGETED_DEVICE_FAMILY = "1,2";
			};
			name = Release;
		};
		DCC8F9C3202852A200EB6701 /* Debug */ = {
			isa = XCBuildConfiguration;
			buildSettings = {
				CODE_SIGN_STYLE = Automatic;
				DEVELOPMENT_TEAM = "";
				INFOPLIST_FILE = ownCloudSDKTests/Info.plist;
				LD_RUNPATH_SEARCH_PATHS = "$(inherited) @executable_path/Frameworks @loader_path/Frameworks";
				PRODUCT_BUNDLE_IDENTIFIER = com.owncloud.ownCloudSDKTests;
				PRODUCT_NAME = "$(TARGET_NAME)";
				TARGETED_DEVICE_FAMILY = "1,2";
				TEST_HOST = "$(BUILT_PRODUCTS_DIR)/Ocean.app/Ocean";
			};
			name = Debug;
		};
		DCC8F9C4202852A200EB6701 /* Release */ = {
			isa = XCBuildConfiguration;
			buildSettings = {
				CODE_SIGN_STYLE = Automatic;
				DEVELOPMENT_TEAM = "";
				INFOPLIST_FILE = ownCloudSDKTests/Info.plist;
				LD_RUNPATH_SEARCH_PATHS = "$(inherited) @executable_path/Frameworks @loader_path/Frameworks";
				PRODUCT_BUNDLE_IDENTIFIER = com.owncloud.ownCloudSDKTests;
				PRODUCT_NAME = "$(TARGET_NAME)";
				TARGETED_DEVICE_FAMILY = "1,2";
				TEST_HOST = "$(BUILT_PRODUCTS_DIR)/Ocean.app/Ocean";
			};
			name = Release;
		};
/* End XCBuildConfiguration section */

/* Begin XCConfigurationList section */
		DC30948F2057358800189B9A /* Build configuration list for PBXNativeTarget "ownCloudUI" */ = {
			isa = XCConfigurationList;
			buildConfigurations = (
				DC30948D2057358800189B9A /* Debug */,
				DC30948E2057358800189B9A /* Release */,
			);
			defaultConfigurationIsVisible = 0;
			defaultConfigurationName = Release;
		};
		DC7E0A8A203732B3006111FA /* Build configuration list for PBXNativeTarget "Ocean" */ = {
			isa = XCConfigurationList;
			buildConfigurations = (
				DC7E0A8B203732B3006111FA /* Debug */,
				DC7E0A8C203732B3006111FA /* Release */,
			);
			defaultConfigurationIsVisible = 0;
			defaultConfigurationName = Release;
		};
		DCC8F9A5202852A200EB6701 /* Build configuration list for PBXProject "ownCloudSDK" */ = {
			isa = XCConfigurationList;
			buildConfigurations = (
				DCC8F9BD202852A200EB6701 /* Debug */,
				DCC8F9BE202852A200EB6701 /* Release */,
			);
			defaultConfigurationIsVisible = 0;
			defaultConfigurationName = Release;
		};
		DCC8F9BF202852A200EB6701 /* Build configuration list for PBXNativeTarget "ownCloudSDK" */ = {
			isa = XCConfigurationList;
			buildConfigurations = (
				DCC8F9C0202852A200EB6701 /* Debug */,
				DCC8F9C1202852A200EB6701 /* Release */,
			);
			defaultConfigurationIsVisible = 0;
			defaultConfigurationName = Release;
		};
		DCC8F9C2202852A200EB6701 /* Build configuration list for PBXNativeTarget "ownCloudSDKTests" */ = {
			isa = XCConfigurationList;
			buildConfigurations = (
				DCC8F9C3202852A200EB6701 /* Debug */,
				DCC8F9C4202852A200EB6701 /* Release */,
			);
			defaultConfigurationIsVisible = 0;
			defaultConfigurationName = Release;
		};
/* End XCConfigurationList section */
	};
	rootObject = DCC8F9A2202852A200EB6701 /* Project object */;
}
